{
  "version": 4,
  "terraform_version": "0.14.8",
  "serial": 770,
  "lineage": "bf3056e0-7771-d421-5998-f6785f538910",
  "outputs": {},
  "resources": [
    {
      "mode": "data",
      "type": "aws_availability_zones",
      "name": "available",
      "provider": "provider[\"registry.terraform.io/hashicorp/aws\"]",
      "instances": [
        {
          "schema_version": 0,
          "attributes": {
            "all_availability_zones": null,
            "exclude_names": null,
            "exclude_zone_ids": null,
            "filter": null,
            "group_names": [
              "ap-southeast-1"
            ],
            "id": "ap-southeast-1",
            "names": [
              "ap-southeast-1a",
              "ap-southeast-1b",
              "ap-southeast-1c"
            ],
            "state": "available",
            "zone_ids": [
              "apse1-az2",
              "apse1-az1",
              "apse1-az3"
            ]
          },
          "sensitive_attributes": []
        }
      ]
    },
    {
      "mode": "data",
      "type": "aws_iam_instance_profile",
      "name": "CW_SSM_Access",
      "provider": "provider[\"registry.terraform.io/hashicorp/aws\"]",
      "instances": [
        {
          "schema_version": 0,
          "attributes": {
            "arn": "arn:aws:iam::339876445741:instance-profile/Ec2RoleForSSMAndCloudWatch",
            "create_date": "2021-03-18 05:49:51 +0000 UTC",
            "id": "AIPAU6IRW7YWZL727VFH4",
            "name": "Ec2RoleForSSMAndCloudWatch",
            "path": "/",
            "role_arn": "arn:aws:iam::339876445741:role/Ec2RoleForSSMAndCloudWatch",
            "role_id": "AROAU6IRW7YW6GAJH37A5",
            "role_name": "Ec2RoleForSSMAndCloudWatch"
          },
          "sensitive_attributes": []
        }
      ]
    },
    {
      "mode": "data",
      "type": "aws_iam_instance_profile",
      "name": "CW_SSM_ECR_Access",
      "provider": "provider[\"registry.terraform.io/hashicorp/aws\"]",
      "instances": [
        {
          "schema_version": 0,
          "attributes": {
            "arn": "arn:aws:iam::339876445741:instance-profile/Ec2RoleForSSMCloudWatchAndECR",
            "create_date": "2021-03-18 05:49:51 +0000 UTC",
            "id": "AIPAU6IRW7YWYP64MLWXX",
            "name": "Ec2RoleForSSMCloudWatchAndECR",
            "path": "/",
            "role_arn": "arn:aws:iam::339876445741:role/Ec2RoleForSSMCloudWatchAndECR",
            "role_id": "AROAU6IRW7YW3AKPZSGEN",
            "role_name": "Ec2RoleForSSMCloudWatchAndECR"
          },
          "sensitive_attributes": []
        }
      ]
    },
    {
      "mode": "data",
      "type": "aws_route53_zone",
      "name": "selected",
      "provider": "provider[\"registry.terraform.io/hashicorp/aws\"].root",
      "instances": [
        {
          "schema_version": 0,
          "attributes": {
            "caller_reference": "1A0F47C6-C5CB-E01E-AA91-FD9445A71DDD",
            "comment": "For jiffy DNS - Root DNS is Onlydomains",
            "id": "Z02405791CIE6CG80NA5X",
            "linked_service_description": null,
            "linked_service_principal": null,
            "name": "jiffy.ai",
            "name_servers": [
              "ns-23.awsdns-02.com",
              "ns-957.awsdns-55.net",
              "ns-2010.awsdns-59.co.uk",
              "ns-1075.awsdns-06.org"
            ],
            "private_zone": false,
            "resource_record_set_count": 479,
            "tags": {},
            "vpc_id": null,
            "zone_id": "Z02405791CIE6CG80NA5X"
          },
          "sensitive_attributes": []
        }
      ]
    },
    {
      "mode": "managed",
      "type": "aws_route53_record",
      "name": "bot_dns",
      "provider": "provider[\"registry.terraform.io/hashicorp/aws\"].root",
      "instances": [
        {
          "schema_version": 2,
          "attributes": {
            "alias": [],
            "allow_overwrite": true,
            "failover_routing_policy": [],
            "fqdn": "bot1.saas-15.jiffy.ai",
            "geolocation_routing_policy": [],
            "health_check_id": "",
            "id": "Z02405791CIE6CG80NA5X_bot1.saas-15.jiffy.ai_CNAME",
            "latency_routing_policy": [],
            "multivalue_answer_routing_policy": null,
            "name": "bot1.saas-15.jiffy.ai",
            "records": [
              "ip-10-15-1-206.ap-southeast-1.compute.internal"
            ],
            "set_identifier": "",
            "ttl": 60,
            "type": "CNAME",
            "weighted_routing_policy": [],
            "zone_id": "Z02405791CIE6CG80NA5X"
          },
          "sensitive_attributes": [],
          "private": "eyJzY2hlbWFfdmVyc2lvbiI6IjIifQ==",
          "dependencies": [
            "aws_route53_record.efs_dns",
            "data.aws_route53_zone.selected",
            "module.ml-instance.aws_instance.ec2_ml",
            "module.ml-instance.data.aws_ami.ml",
            "module.ml-instance.data.aws_availability_zones.available",
            "module.security_group.aws_security_group.botsg",
            "module.security_group.aws_security_group.core",
            "module.security_group.aws_security_group.efssg",
            "module.security_group.aws_security_group.lb",
            "module.security_group.aws_security_group.mlsg",
            "module.security_group.aws_security_group.mongodbsg",
            "module.security_group.aws_security_group.rds",
            "module.vpc_for_Jiffy.aws_subnet.private_subnet"
          ]
        }
      ]
    },
    {
      "mode": "managed",
      "type": "aws_route53_record",
      "name": "db_dns",
      "provider": "provider[\"registry.terraform.io/hashicorp/aws\"].root",
      "instances": [
        {
          "schema_version": 2,
          "attributes": {
            "alias": [],
            "allow_overwrite": true,
            "failover_routing_policy": [],
            "fqdn": "mongodb.saas-15.jiffy.ai",
            "geolocation_routing_policy": [],
            "health_check_id": "",
            "id": "Z02405791CIE6CG80NA5X_mongodb.saas-15.jiffy.ai_CNAME",
            "latency_routing_policy": [],
            "multivalue_answer_routing_policy": null,
            "name": "mongodb.saas-15.jiffy.ai",
            "records": [
              "ip-10-15-1-117.ap-southeast-1.compute.internal"
            ],
            "set_identifier": "",
            "ttl": 60,
            "type": "CNAME",
            "weighted_routing_policy": [],
            "zone_id": "Z02405791CIE6CG80NA5X"
          },
          "sensitive_attributes": [],
          "private": "eyJzY2hlbWFfdmVyc2lvbiI6IjIifQ==",
          "dependencies": [
            "aws_route53_record.efs_dns",
            "data.aws_route53_zone.selected",
            "module.DB-instance.aws_instance.ec2_db",
            "module.DB-instance.data.aws_ami.db",
            "module.DB-instance.data.aws_availability_zones.available",
            "module.security_group.aws_security_group.botsg",
            "module.security_group.aws_security_group.core",
            "module.security_group.aws_security_group.efssg",
            "module.security_group.aws_security_group.lb",
            "module.security_group.aws_security_group.mlsg",
            "module.security_group.aws_security_group.mongodbsg",
            "module.security_group.aws_security_group.rds",
            "module.vpc_for_Jiffy.aws_subnet.private_subnet"
          ]
        }
      ]
    },
    {
      "mode": "managed",
      "type": "aws_route53_record",
      "name": "efs_dns",
      "provider": "provider[\"registry.terraform.io/hashicorp/aws\"].root",
      "instances": [
        {
          "schema_version": 2,
          "attributes": {
            "alias": [],
            "allow_overwrite": true,
            "failover_routing_policy": [],
            "fqdn": "efs.saas-15.jiffy.ai",
            "geolocation_routing_policy": [],
            "health_check_id": "",
            "id": "Z02405791CIE6CG80NA5X_efs.saas-15.jiffy.ai_CNAME",
            "latency_routing_policy": [],
            "multivalue_answer_routing_policy": null,
            "name": "efs.saas-15.jiffy.ai",
            "records": [
              "fs-69b80a29.efs.ap-southeast-1.amazonaws.com"
            ],
            "set_identifier": "",
            "ttl": 60,
            "type": "CNAME",
            "weighted_routing_policy": [],
            "zone_id": "Z02405791CIE6CG80NA5X"
          },
          "sensitive_attributes": [],
          "private": "eyJzY2hlbWFfdmVyc2lvbiI6IjIifQ==",
          "dependencies": [
            "data.aws_route53_zone.selected"
          ]
        }
      ]
    },
    {
      "mode": "managed",
      "type": "aws_route53_record",
      "name": "ml_dns",
      "provider": "provider[\"registry.terraform.io/hashicorp/aws\"].root",
      "instances": [
        {
          "schema_version": 2,
          "attributes": {
            "alias": [],
            "allow_overwrite": true,
            "failover_routing_policy": [],
            "fqdn": "cognitive.saas-15.jiffy.ai",
            "geolocation_routing_policy": [],
            "health_check_id": "",
            "id": "Z02405791CIE6CG80NA5X_cognitive.saas-15.jiffy.ai_CNAME",
            "latency_routing_policy": [],
            "multivalue_answer_routing_policy": null,
            "name": "cognitive.saas-15.jiffy.ai",
            "records": [
              "ip-10-15-1-238.ap-southeast-1.compute.internal"
            ],
            "set_identifier": "",
            "ttl": 60,
            "type": "CNAME",
            "weighted_routing_policy": [],
            "zone_id": "Z02405791CIE6CG80NA5X"
          },
          "sensitive_attributes": [],
          "private": "eyJzY2hlbWFfdmVyc2lvbiI6IjIifQ==",
          "dependencies": [
            "aws_route53_record.efs_dns",
            "data.aws_route53_zone.selected",
            "module.ml-instance.aws_instance.ec2_ml"
          ]
        }
      ]
    },
    {
      "mode": "managed",
      "type": "aws_route53_record",
      "name": "rds_dns",
      "provider": "provider[\"registry.terraform.io/hashicorp/aws\"].root",
      "instances": [
        {
          "schema_version": 2,
          "attributes": {
            "alias": [],
            "allow_overwrite": true,
            "failover_routing_policy": [],
            "fqdn": "postgres.saas-15.jiffy.ai",
            "geolocation_routing_policy": [],
            "health_check_id": "",
            "id": "Z02405791CIE6CG80NA5X_postgres.saas-15.jiffy.ai_CNAME",
            "latency_routing_policy": [],
            "multivalue_answer_routing_policy": null,
            "name": "postgres.saas-15.jiffy.ai",
            "records": [
              "jiffy-rds-saas-15-test20210809142118314500000002.c0wkkthhy27x.ap-southeast-1.rds.amazonaws.com"
            ],
            "set_identifier": "",
            "ttl": 60,
            "type": "CNAME",
            "weighted_routing_policy": [],
            "zone_id": "Z02405791CIE6CG80NA5X"
          },
          "sensitive_attributes": [],
          "private": "eyJzY2hlbWFfdmVyc2lvbiI6IjIifQ==",
          "dependencies": [
            "data.aws_route53_zone.selected",
            "module.postgres_rds.aws_db_instance.postgresql",
            "module.postgres_rds.aws_db_subnet_group.default",
            "module.postgres_rds.aws_iam_role.enhanced_monitoring",
            "module.postgres_rds.data.aws_db_snapshot.rds_snapshot",
            "module.security_group.aws_security_group.botsg",
            "module.security_group.aws_security_group.core",
            "module.security_group.aws_security_group.efssg",
            "module.security_group.aws_security_group.lb",
            "module.security_group.aws_security_group.mlsg",
            "module.security_group.aws_security_group.mongodbsg",
            "module.security_group.aws_security_group.rds"
          ]
        }
      ]
    },
    {
      "module": "module.BOT-instance",
      "mode": "data",
      "type": "aws_ami",
      "name": "BOT",
      "provider": "provider[\"registry.terraform.io/hashicorp/aws\"]",
      "instances": [
        {
          "schema_version": 0,
          "attributes": {
            "architecture": "x86_64",
            "arn": "arn:aws:ec2:ap-southeast-1::image/ami-046ffe88ccc99b39a",
            "block_device_mappings": [
              {
                "device_name": "/dev/sda1",
                "ebs": {
                  "delete_on_termination": "true",
                  "encrypted": "true",
                  "iops": "0",
                  "snapshot_id": "snap-0e5defb5c7299c370",
                  "throughput": "0",
                  "volume_size": "50",
                  "volume_type": "gp2"
                },
                "no_device": "",
                "virtual_name": ""
              }
            ],
            "creation_date": "2021-08-09T14:08:00.000Z",
            "description": "This image is created by the AWS Backup service.",
            "ena_support": true,
            "executable_users": null,
            "filter": [
              {
                "name": "architecture",
                "values": [
                  "x86_64"
                ]
              },
              {
                "name": "name",
                "values": [
                  "AwsBackup_i-0a00624d6b4a0ab83*"
                ]
              },
              {
                "name": "root-device-type",
                "values": [
                  "ebs"
                ]
              },
              {
                "name": "state",
                "values": [
                  "available"
                ]
              }
            ],
            "hypervisor": "xen",
            "id": "ami-046ffe88ccc99b39a",
            "image_id": "ami-046ffe88ccc99b39a",
            "image_location": "339876445741/AwsBackup_i-0a00624d6b4a0ab83_0BCC67A0-86B6-71C6-B87A-F45ECE281964_CopyFrom_ap-south-1",
            "image_owner_alias": null,
            "image_type": "machine",
            "kernel_id": null,
            "most_recent": true,
            "name": "AwsBackup_i-0a00624d6b4a0ab83_0BCC67A0-86B6-71C6-B87A-F45ECE281964_CopyFrom_ap-south-1",
            "name_regex": null,
            "owner_id": "339876445741",
            "owners": [
              "self"
            ],
            "platform": "windows",
            "platform_details": "Windows",
            "product_codes": [],
            "public": false,
            "ramdisk_id": null,
            "root_device_name": "/dev/sda1",
            "root_device_type": "ebs",
            "root_snapshot_id": "snap-0e5defb5c7299c370",
            "sriov_net_support": "simple",
            "state": "available",
            "state_reason": {
              "code": "UNSET",
              "message": "UNSET"
            },
            "tags": {
              "Department": "DevOps",
              "Name": "DR-test-BOT"
            },
            "usage_operation": "RunInstances:0002",
            "virtualization_type": "hvm"
          },
          "sensitive_attributes": []
        }
      ]
    },
    {
      "module": "module.BOT-instance",
      "mode": "data",
      "type": "aws_availability_zones",
      "name": "available",
      "provider": "provider[\"registry.terraform.io/hashicorp/aws\"]",
      "instances": [
        {
          "schema_version": 0,
          "attributes": {
            "all_availability_zones": null,
            "exclude_names": null,
            "exclude_zone_ids": null,
            "filter": null,
            "group_names": [
              "ap-southeast-1"
            ],
            "id": "ap-southeast-1",
            "names": [
              "ap-southeast-1a",
              "ap-southeast-1b",
              "ap-southeast-1c"
            ],
            "state": "available",
            "zone_ids": [
              "apse1-az2",
              "apse1-az1",
              "apse1-az3"
            ]
          },
          "sensitive_attributes": []
        }
      ]
    },
    {
      "module": "module.BOT-instance",
      "mode": "managed",
      "type": "aws_instance",
      "name": "ec2_BOT",
      "provider": "provider[\"registry.terraform.io/hashicorp/aws\"]",
      "instances": [
        {
          "schema_version": 1,
          "attributes": {
            "ami": "ami-046ffe88ccc99b39a",
            "arn": "arn:aws:ec2:ap-southeast-1:339876445741:instance/i-0cb180c564795808e",
            "associate_public_ip_address": true,
            "availability_zone": "ap-southeast-1a",
            "capacity_reservation_specification": [
              {
                "capacity_reservation_preference": "open",
                "capacity_reservation_target": []
              }
            ],
            "cpu_core_count": 1,
            "cpu_threads_per_core": 2,
            "credit_specification": [
              {
                "cpu_credits": "unlimited"
              }
            ],
            "disable_api_termination": false,
            "ebs_block_device": [],
            "ebs_optimized": false,
            "enclave_options": [
              {
                "enabled": false
              }
            ],
            "ephemeral_block_device": [],
            "get_password_data": false,
            "hibernation": false,
            "host_id": null,
            "iam_instance_profile": "Ec2RoleForSSMAndCloudWatch",
            "id": "i-0cb180c564795808e",
            "instance_initiated_shutdown_behavior": "stop",
            "instance_state": "running",
            "instance_type": "t3a.large",
            "ipv6_address_count": 0,
            "ipv6_addresses": [],
            "key_name": "jiffybot_saas_15",
            "launch_template": [],
            "metadata_options": [
              {
                "http_endpoint": "enabled",
                "http_put_response_hop_limit": 1,
                "http_tokens": "optional"
              }
            ],
            "monitoring": false,
            "network_interface": [],
            "outpost_arn": "",
            "password_data": "",
            "placement_group": "",
            "primary_network_interface_id": "eni-02037553b0457afa6",
            "private_dns": "ip-10-15-3-188.ap-southeast-1.compute.internal",
            "private_ip": "10.15.3.188",
            "public_dns": "ec2-54-251-86-67.ap-southeast-1.compute.amazonaws.com",
            "public_ip": "54.251.86.67",
            "root_block_device": [
              {
                "delete_on_termination": true,
                "device_name": "/dev/sda1",
                "encrypted": true,
                "iops": 150,
                "kms_key_id": "arn:aws:kms:ap-southeast-1:339876445741:key/a565815f-51d7-4545-85ee-1ab4563c1b08",
                "tags": {},
                "throughput": 0,
                "volume_id": "vol-086cb38a6e205a620",
                "volume_size": 50,
                "volume_type": "gp2"
              }
            ],
            "secondary_private_ips": [],
            "security_groups": [],
            "source_dest_check": true,
            "subnet_id": "subnet-02383d91283267b9c",
            "tags": {
              "Contact": "Sekhar",
              "Department": "production",
              "Name": "Jiffy-automate-saas-15-ec2-apsoutheast1a-bot",
              "Product": "Jiffy-automate",
              "environment": "saas-15"
            },
            "tags_all": {
              "Contact": "Sekhar",
              "Department": "production",
              "Name": "Jiffy-automate-saas-15-ec2-apsoutheast1a-bot",
              "Product": "Jiffy-automate",
              "environment": "saas-15"
            },
            "tenancy": "default",
            "timeouts": null,
            "user_data": null,
            "user_data_base64": null,
            "volume_tags": null,
            "vpc_security_group_ids": [
              "sg-006c81caae3a5c8fc"
            ]
          },
          "sensitive_attributes": [],
          "private": "eyJlMmJmYjczMC1lY2FhLTExZTYtOGY4OC0zNDM2M2JjN2M0YzAiOnsiY3JlYXRlIjo2MDAwMDAwMDAwMDAsImRlbGV0ZSI6MTIwMDAwMDAwMDAwMCwidXBkYXRlIjo2MDAwMDAwMDAwMDB9LCJzY2hlbWFfdmVyc2lvbiI6IjEifQ==",
          "dependencies": [
            "module.BOT-instance.data.aws_ami.BOT",
            "module.BOT-instance.data.aws_availability_zones.available",
            "module.security_group.aws_security_group.botsg",
            "module.security_group.aws_security_group.core",
            "module.security_group.aws_security_group.efssg",
            "module.security_group.aws_security_group.lb",
            "module.security_group.aws_security_group.mlsg",
            "module.security_group.aws_security_group.mongodbsg",
            "module.security_group.aws_security_group.rds",
            "module.vpc_for_Jiffy.aws_subnet.public_subnet"
          ]
        }
      ]
    },
    {
      "module": "module.DB-instance",
      "mode": "data",
      "type": "aws_ami",
      "name": "db",
      "provider": "provider[\"registry.terraform.io/hashicorp/aws\"]",
      "instances": [
        {
          "schema_version": 0,
          "attributes": {
            "architecture": "x86_64",
            "arn": "arn:aws:ec2:ap-southeast-1::image/ami-0f2a49478e8fa80af",
            "block_device_mappings": [
              {
                "device_name": "/dev/sda1",
                "ebs": {
                  "delete_on_termination": "false",
                  "encrypted": "true",
                  "iops": "0",
                  "snapshot_id": "snap-0e25e09a5fa8a50b4",
                  "throughput": "0",
                  "volume_size": "50",
                  "volume_type": "gp2"
                },
                "no_device": "",
                "virtual_name": ""
              }
            ],
            "creation_date": "2021-08-09T19:07:45.000Z",
            "description": "This image is created by the AWS Backup service.",
            "ena_support": true,
            "executable_users": null,
            "filter": [
              {
                "name": "architecture",
                "values": [
                  "x86_64"
                ]
              },
              {
                "name": "name",
                "values": [
                  "AwsBackup_i-0754ab23f02128f75*"
                ]
              },
              {
                "name": "root-device-type",
                "values": [
                  "ebs"
                ]
              },
              {
                "name": "state",
                "values": [
                  "available"
                ]
              }
            ],
            "hypervisor": "xen",
            "id": "ami-0f2a49478e8fa80af",
            "image_id": "ami-0f2a49478e8fa80af",
            "image_location": "339876445741/AwsBackup_i-0754ab23f02128f75_D032AFC6-7727-6E1C-403B-EDB36403E3E5_CopyFrom_ap-south-1",
            "image_owner_alias": null,
            "image_type": "machine",
            "kernel_id": null,
            "most_recent": true,
            "name": "AwsBackup_i-0754ab23f02128f75_D032AFC6-7727-6E1C-403B-EDB36403E3E5_CopyFrom_ap-south-1",
            "name_regex": null,
            "owner_id": "339876445741",
            "owners": [
              "self"
            ],
            "platform": null,
            "platform_details": "Linux/UNIX",
            "product_codes": [
              {
                "product_code_id": "aw0evgkw8e5c1q413zgy5pjce",
                "product_code_type": "marketplace"
              }
            ],
            "public": false,
            "ramdisk_id": null,
            "root_device_name": "/dev/sda1",
            "root_device_type": "ebs",
            "root_snapshot_id": "snap-0e25e09a5fa8a50b4",
            "sriov_net_support": "simple",
            "state": "available",
            "state_reason": {
              "code": "UNSET",
              "message": "UNSET"
            },
            "tags": {
              "Department": "DevOps",
              "Name": "DR-test-mongo"
            },
            "usage_operation": "RunInstances",
            "virtualization_type": "hvm"
          },
          "sensitive_attributes": []
        }
      ]
    },
    {
      "module": "module.DB-instance",
      "mode": "data",
      "type": "aws_availability_zones",
      "name": "available",
      "provider": "provider[\"registry.terraform.io/hashicorp/aws\"]",
      "instances": [
        {
          "schema_version": 0,
          "attributes": {
            "all_availability_zones": null,
            "exclude_names": null,
            "exclude_zone_ids": null,
            "filter": null,
            "group_names": [
              "ap-southeast-1"
            ],
            "id": "ap-southeast-1",
            "names": [
              "ap-southeast-1a",
              "ap-southeast-1b",
              "ap-southeast-1c"
            ],
            "state": "available",
            "zone_ids": [
              "apse1-az2",
              "apse1-az1",
              "apse1-az3"
            ]
          },
          "sensitive_attributes": []
        }
      ]
    },
    {
      "module": "module.DB-instance",
      "mode": "data",
      "type": "template_file",
      "name": "init",
      "provider": "provider[\"registry.terraform.io/hashicorp/template\"]",
      "instances": [
        {
          "schema_version": 0,
          "attributes": {
            "filename": null,
            "id": "130dd451853d3dce1b49c41b390df41799a8c1391ee77269546ee4cf8aa74364",
            "rendered": "#! /bin/bash\r\nsudo mongod --dbpath /opt/mongo/data --repair\r\nsudo mongod -f /opt/mongo/conf/mongod.conf\r\n",
            "template": "#! /bin/bash\r\nsudo mongod --dbpath /opt/mongo/data --repair\r\nsudo mongod -f /opt/mongo/conf/mongod.conf\r\n",
            "vars": null
          },
          "sensitive_attributes": []
        }
      ]
    },
    {
      "module": "module.DB-instance",
      "mode": "managed",
      "type": "aws_instance",
      "name": "ec2_db",
      "provider": "provider[\"registry.terraform.io/hashicorp/aws\"]",
      "instances": [
        {
          "schema_version": 1,
          "attributes": {
            "ami": "ami-0f2a49478e8fa80af",
            "arn": "arn:aws:ec2:ap-southeast-1:339876445741:instance/i-05ae63b12946db57e",
            "associate_public_ip_address": false,
            "availability_zone": "ap-southeast-1a",
            "capacity_reservation_specification": [
              {
                "capacity_reservation_preference": "open",
                "capacity_reservation_target": []
              }
            ],
            "cpu_core_count": 1,
            "cpu_threads_per_core": 2,
            "credit_specification": [
              {
                "cpu_credits": "unlimited"
              }
            ],
            "disable_api_termination": false,
            "ebs_block_device": [],
            "ebs_optimized": false,
            "enclave_options": [
              {
                "enabled": false
              }
            ],
            "ephemeral_block_device": [],
            "get_password_data": false,
            "hibernation": false,
            "host_id": null,
            "iam_instance_profile": "Ec2RoleForSSMAndCloudWatch",
            "id": "i-05ae63b12946db57e",
            "instance_initiated_shutdown_behavior": "stop",
            "instance_state": "running",
            "instance_type": "t3a.large",
            "ipv6_address_count": 0,
            "ipv6_addresses": [],
            "key_name": "jiffymongo_saas_15",
            "launch_template": [],
            "metadata_options": [
              {
                "http_endpoint": "enabled",
                "http_put_response_hop_limit": 1,
                "http_tokens": "optional"
              }
            ],
            "monitoring": false,
            "network_interface": [],
            "outpost_arn": "",
            "password_data": "",
            "placement_group": "",
            "primary_network_interface_id": "eni-0ebe355fbd8f9e232",
            "private_dns": "ip-10-15-1-117.ap-southeast-1.compute.internal",
            "private_ip": "10.15.1.117",
            "public_dns": "",
            "public_ip": "",
            "root_block_device": [
              {
                "delete_on_termination": false,
                "device_name": "/dev/sda1",
                "encrypted": true,
                "iops": 150,
                "kms_key_id": "arn:aws:kms:ap-southeast-1:339876445741:key/a565815f-51d7-4545-85ee-1ab4563c1b08",
                "tags": {},
                "throughput": 0,
                "volume_id": "vol-03242dac340a191b7",
                "volume_size": 50,
                "volume_type": "gp2"
              }
            ],
            "secondary_private_ips": [],
            "security_groups": [],
            "source_dest_check": true,
            "subnet_id": "subnet-03edab75e14e97111",
            "tags": {
              "Contact": "Sekhar",
              "Department": "production",
              "Name": "Jiffy-automate-saas-15-ec2-apsoutheast1a-db",
              "Product": "Jiffy-automate",
              "environment": "saas-15"
            },
            "tags_all": {
              "Contact": "Sekhar",
              "Department": "production",
              "Name": "Jiffy-automate-saas-15-ec2-apsoutheast1a-db",
              "Product": "Jiffy-automate",
              "environment": "saas-15"
            },
            "tenancy": "default",
            "timeouts": null,
            "user_data": "911cbb2d0c08f17c6d5d4abc2ed7329231773935",
            "user_data_base64": null,
            "volume_tags": null,
            "vpc_security_group_ids": [
              "sg-0e959957627daf5f5"
            ]
          },
          "sensitive_attributes": [],
          "private": "eyJlMmJmYjczMC1lY2FhLTExZTYtOGY4OC0zNDM2M2JjN2M0YzAiOnsiY3JlYXRlIjo2MDAwMDAwMDAwMDAsImRlbGV0ZSI6MTIwMDAwMDAwMDAwMCwidXBkYXRlIjo2MDAwMDAwMDAwMDB9LCJzY2hlbWFfdmVyc2lvbiI6IjEifQ==",
          "dependencies": [
            "aws_route53_record.efs_dns",
            "module.DB-instance.data.aws_ami.db",
            "module.DB-instance.data.aws_availability_zones.available",
            "module.DB-instance.data.template_file.init",
            "module.security_group.aws_security_group.botsg",
            "module.security_group.aws_security_group.core",
            "module.security_group.aws_security_group.efssg",
            "module.security_group.aws_security_group.lb",
            "module.security_group.aws_security_group.mlsg",
            "module.security_group.aws_security_group.mongodbsg",
            "module.security_group.aws_security_group.rds",
            "module.vpc_for_Jiffy.aws_subnet.private_subnet"
          ]
        }
      ]
    },
    {
      "module": "module.alb_module",
      "mode": "managed",
      "type": "aws_acm_certificate",
      "name": "cert",
      "provider": "provider[\"registry.terraform.io/hashicorp/aws\"]",
      "instances": [
        {
          "schema_version": 0,
          "attributes": {
            "arn": "arn:aws:acm:ap-southeast-1:339876445741:certificate/0b5d7670-c4eb-459e-be31-7de18d911222",
            "certificate_authority_arn": "",
            "certificate_body": null,
            "certificate_chain": null,
            "domain_name": "saas-15.jiffy.ai",
            "domain_validation_options": [
              {
                "domain_name": "*.saas-15.jiffy.ai",
                "resource_record_name": "_fbdbd6c147cf11220f7d9730f77f183e.saas-15.jiffy.ai.",
                "resource_record_type": "CNAME",
                "resource_record_value": "_8947026b1e041d6ec3f1601d16aea6c9.cvfdyspdbk.acm-validations.aws."
              },
              {
                "domain_name": "saas-15.jiffy.ai",
                "resource_record_name": "_fbdbd6c147cf11220f7d9730f77f183e.saas-15.jiffy.ai.",
                "resource_record_type": "CNAME",
                "resource_record_value": "_8947026b1e041d6ec3f1601d16aea6c9.cvfdyspdbk.acm-validations.aws."
              }
            ],
            "id": "arn:aws:acm:ap-southeast-1:339876445741:certificate/0b5d7670-c4eb-459e-be31-7de18d911222",
            "options": [
              {
                "certificate_transparency_logging_preference": "ENABLED"
              }
            ],
            "private_key": null,
            "status": "ISSUED",
            "subject_alternative_names": [
              "*.saas-15.jiffy.ai"
            ],
            "tags": {
              "Contact": "Sekhar",
              "Department": "production",
              "Name": "saas-15-apsoutheast1-cert",
              "Product": "Jiffy-automate",
              "environment": "saas-15"
            },
            "tags_all": {
              "Contact": "Sekhar",
              "Department": "production",
              "Name": "saas-15-apsoutheast1-cert",
              "Product": "Jiffy-automate",
              "environment": "saas-15"
            },
            "validation_emails": [],
            "validation_method": "DNS"
          },
          "sensitive_attributes": [],
          "private": "bnVsbA=="
        }
      ]
    },
    {
      "module": "module.alb_module",
      "mode": "managed",
      "type": "aws_acm_certificate_validation",
      "name": "cert",
      "provider": "provider[\"registry.terraform.io/hashicorp/aws\"]",
      "instances": [
        {
          "schema_version": 0,
          "attributes": {
            "certificate_arn": "arn:aws:acm:ap-southeast-1:339876445741:certificate/0b5d7670-c4eb-459e-be31-7de18d911222",
            "id": "2021-08-09 12:58:55.359 +0000 UTC",
            "timeouts": null,
            "validation_record_fqdns": null
          },
          "sensitive_attributes": [],
          "private": "eyJlMmJmYjczMC1lY2FhLTExZTYtOGY4OC0zNDM2M2JjN2M0YzAiOnsiY3JlYXRlIjoyNzAwMDAwMDAwMDAwfX0=",
          "dependencies": [
            "module.alb_module.aws_acm_certificate.cert"
          ]
        }
      ]
    },
    {
      "module": "module.alb_module",
      "mode": "managed",
      "type": "aws_lb",
      "name": "public",
      "provider": "provider[\"registry.terraform.io/hashicorp/aws\"]",
      "instances": [
        {
          "schema_version": 0,
          "attributes": {
            "access_logs": [
              {
                "bucket": "",
                "enabled": false,
                "prefix": ""
              }
            ],
            "arn": "arn:aws:elasticloadbalancing:ap-southeast-1:339876445741:loadbalancer/app/saas-15-apsoutheast1-alb/66d49dc89f9f86ee",
            "arn_suffix": "app/saas-15-apsoutheast1-alb/66d49dc89f9f86ee",
            "customer_owned_ipv4_pool": "",
            "dns_name": "saas-15-apsoutheast1-alb-800029727.ap-southeast-1.elb.amazonaws.com",
            "drop_invalid_header_fields": false,
            "enable_cross_zone_load_balancing": null,
            "enable_deletion_protection": false,
            "enable_http2": true,
            "id": "arn:aws:elasticloadbalancing:ap-southeast-1:339876445741:loadbalancer/app/saas-15-apsoutheast1-alb/66d49dc89f9f86ee",
            "idle_timeout": 60,
            "internal": false,
            "ip_address_type": "ipv4",
            "load_balancer_type": "application",
            "name": "saas-15-apsoutheast1-alb",
            "name_prefix": null,
            "security_groups": [
              "sg-0d9e0d211118716d2"
            ],
            "subnet_mapping": [
              {
                "allocation_id": "",
                "ipv6_address": "",
                "outpost_id": "",
                "private_ipv4_address": "",
                "subnet_id": "subnet-02383d91283267b9c"
              },
              {
                "allocation_id": "",
                "ipv6_address": "",
                "outpost_id": "",
                "private_ipv4_address": "",
                "subnet_id": "subnet-0e7a95002ab708158"
              }
            ],
            "subnets": [
              "subnet-02383d91283267b9c",
              "subnet-0e7a95002ab708158"
            ],
            "tags": {
              "Contact": "Sekhar",
              "Department": "production",
              "Name": "saas-15-apsoutheast1-LB",
              "Product": "Jiffy-automate",
              "environment": "saas-15"
            },
            "tags_all": {
              "Contact": "Sekhar",
              "Department": "production",
              "Name": "saas-15-apsoutheast1-LB",
              "Product": "Jiffy-automate",
              "environment": "saas-15"
            },
            "timeouts": null,
            "vpc_id": "vpc-0350853148b01d3c1",
            "zone_id": "Z1LMS91P8CMLE5"
          },
          "sensitive_attributes": [],
          "private": "eyJlMmJmYjczMC1lY2FhLTExZTYtOGY4OC0zNDM2M2JjN2M0YzAiOnsiY3JlYXRlIjo2MDAwMDAwMDAwMDAsImRlbGV0ZSI6NjAwMDAwMDAwMDAwLCJ1cGRhdGUiOjYwMDAwMDAwMDAwMH19",
          "dependencies": [
            "module.security_group.aws_security_group.botsg",
            "module.security_group.aws_security_group.core",
            "module.security_group.aws_security_group.efssg",
            "module.security_group.aws_security_group.lb",
            "module.security_group.aws_security_group.mlsg",
            "module.security_group.aws_security_group.mongodbsg",
            "module.security_group.aws_security_group.rds",
            "module.vpc_for_Jiffy.aws_subnet.public_subnet",
            "module.vpc_for_Jiffy.aws_vpc.custom_vpc",
            "module.vpc_for_Jiffy.data.aws_availability_zones.available"
          ]
        }
      ]
    },
    {
      "module": "module.alb_module",
      "mode": "managed",
      "type": "aws_lb_listener",
      "name": "frontend_https",
      "provider": "provider[\"registry.terraform.io/hashicorp/aws\"]",
      "instances": [
        {
          "schema_version": 0,
          "attributes": {
            "alpn_policy": null,
            "arn": "arn:aws:elasticloadbalancing:ap-southeast-1:339876445741:listener/app/saas-15-apsoutheast1-alb/66d49dc89f9f86ee/d4acca3cf10a1839",
            "certificate_arn": "arn:aws:acm:ap-southeast-1:339876445741:certificate/0b5d7670-c4eb-459e-be31-7de18d911222",
            "default_action": [
              {
                "authenticate_cognito": [],
                "authenticate_oidc": [],
                "fixed_response": [],
                "forward": [],
                "order": 1,
                "redirect": [],
                "target_group_arn": "arn:aws:elasticloadbalancing:ap-southeast-1:339876445741:targetgroup/saas-15-TG/c470f1691274ecea",
                "type": "forward"
              }
            ],
            "id": "arn:aws:elasticloadbalancing:ap-southeast-1:339876445741:listener/app/saas-15-apsoutheast1-alb/66d49dc89f9f86ee/d4acca3cf10a1839",
            "load_balancer_arn": "arn:aws:elasticloadbalancing:ap-southeast-1:339876445741:loadbalancer/app/saas-15-apsoutheast1-alb/66d49dc89f9f86ee",
            "port": 443,
            "protocol": "HTTPS",
            "ssl_policy": "ELBSecurityPolicy-2015-05",
            "tags": {},
            "tags_all": {},
            "timeouts": null
          },
          "sensitive_attributes": [],
          "private": "eyJlMmJmYjczMC1lY2FhLTExZTYtOGY4OC0zNDM2M2JjN2M0YzAiOnsicmVhZCI6NjAwMDAwMDAwMDAwfX0=",
          "dependencies": [
            "module.alb_module.aws_acm_certificate.cert",
            "module.alb_module.aws_lb.public",
            "module.alb_module.aws_lb_target_group.tg_https",
            "module.security_group.aws_security_group.botsg",
            "module.security_group.aws_security_group.core",
            "module.security_group.aws_security_group.efssg",
            "module.security_group.aws_security_group.lb",
            "module.security_group.aws_security_group.mlsg",
            "module.security_group.aws_security_group.mongodbsg",
            "module.security_group.aws_security_group.rds",
            "module.vpc_for_Jiffy.aws_subnet.public_subnet",
            "module.vpc_for_Jiffy.aws_vpc.custom_vpc",
            "module.vpc_for_Jiffy.data.aws_availability_zones.available"
          ]
        }
      ]
    },
    {
      "module": "module.alb_module",
      "mode": "managed",
      "type": "aws_lb_listener_certificate",
      "name": "https_listener",
      "provider": "provider[\"registry.terraform.io/hashicorp/aws\"]",
      "instances": [
        {
          "schema_version": 0,
          "attributes": {
            "certificate_arn": "arn:aws:acm:ap-southeast-1:339876445741:certificate/0b5d7670-c4eb-459e-be31-7de18d911222",
            "id": "arn:aws:elasticloadbalancing:ap-southeast-1:339876445741:listener/app/saas-15-apsoutheast1-alb/66d49dc89f9f86ee/d4acca3cf10a1839_arn:aws:acm:ap-southeast-1:339876445741:certificate/0b5d7670-c4eb-459e-be31-7de18d911222",
            "listener_arn": "arn:aws:elasticloadbalancing:ap-southeast-1:339876445741:listener/app/saas-15-apsoutheast1-alb/66d49dc89f9f86ee/d4acca3cf10a1839"
          },
          "sensitive_attributes": [],
          "private": "bnVsbA==",
          "dependencies": [
            "module.alb_module.aws_acm_certificate.cert",
            "module.alb_module.aws_lb.public",
            "module.alb_module.aws_lb_listener.frontend_https",
            "module.alb_module.aws_lb_target_group.tg_https",
            "module.security_group.aws_security_group.botsg",
            "module.security_group.aws_security_group.core",
            "module.security_group.aws_security_group.efssg",
            "module.security_group.aws_security_group.lb",
            "module.security_group.aws_security_group.mlsg",
            "module.security_group.aws_security_group.mongodbsg",
            "module.security_group.aws_security_group.rds",
            "module.vpc_for_Jiffy.aws_subnet.public_subnet",
            "module.vpc_for_Jiffy.aws_vpc.custom_vpc",
            "module.vpc_for_Jiffy.data.aws_availability_zones.available"
          ]
        }
      ]
    },
    {
      "module": "module.alb_module",
      "mode": "managed",
      "type": "aws_lb_target_group",
      "name": "tg_https",
      "provider": "provider[\"registry.terraform.io/hashicorp/aws\"]",
      "instances": [
        {
          "schema_version": 0,
          "attributes": {
            "arn": "arn:aws:elasticloadbalancing:ap-southeast-1:339876445741:targetgroup/saas-15-TG/c470f1691274ecea",
            "arn_suffix": "targetgroup/saas-15-TG/c470f1691274ecea",
            "deregistration_delay": 300,
            "health_check": [
              {
                "enabled": true,
                "healthy_threshold": 5,
                "interval": 30,
                "matcher": "200",
                "path": "/",
                "port": "traffic-port",
                "protocol": "HTTPS",
                "timeout": 5,
                "unhealthy_threshold": 2
              }
            ],
            "id": "arn:aws:elasticloadbalancing:ap-southeast-1:339876445741:targetgroup/saas-15-TG/c470f1691274ecea",
            "lambda_multi_value_headers_enabled": false,
            "load_balancing_algorithm_type": "round_robin",
            "name": "saas-15-TG",
            "name_prefix": null,
            "port": 443,
            "preserve_client_ip": null,
            "protocol": "HTTPS",
            "protocol_version": "HTTP1",
            "proxy_protocol_v2": false,
            "slow_start": 0,
            "stickiness": [
              {
                "cookie_duration": 86400,
                "cookie_name": "",
                "enabled": false,
                "type": "lb_cookie"
              }
            ],
            "tags": {},
            "tags_all": {},
            "target_type": "instance",
            "vpc_id": "vpc-0350853148b01d3c1"
          },
          "sensitive_attributes": [],
          "private": "bnVsbA==",
          "dependencies": [
            "module.vpc_for_Jiffy.aws_vpc.custom_vpc"
          ]
        }
      ]
    },
    {
      "module": "module.alb_module",
      "mode": "managed",
      "type": "aws_lb_target_group_attachment",
      "name": "tga_https",
      "provider": "provider[\"registry.terraform.io/hashicorp/aws\"]",
      "instances": [
        {
          "schema_version": 0,
          "attributes": {
            "availability_zone": null,
            "id": "arn:aws:elasticloadbalancing:ap-southeast-1:339876445741:targetgroup/saas-15-TG/c470f1691274ecea-20210809141750834100000001",
            "port": 443,
            "target_group_arn": "arn:aws:elasticloadbalancing:ap-southeast-1:339876445741:targetgroup/saas-15-TG/c470f1691274ecea",
            "target_id": "i-07402595ed4fc4e7c"
          },
          "sensitive_attributes": [],
          "private": "bnVsbA==",
          "dependencies": [
            "aws_route53_record.efs_dns",
            "module.alb_module.aws_lb_target_group.tg_https",
            "module.core-instance.aws_instance.ec2_core",
            "module.core-instance.data.aws_ami.Core",
            "module.core-instance.data.aws_availability_zones.available",
            "module.security_group.aws_security_group.botsg",
            "module.security_group.aws_security_group.core",
            "module.security_group.aws_security_group.efssg",
            "module.security_group.aws_security_group.lb",
            "module.security_group.aws_security_group.mlsg",
            "module.security_group.aws_security_group.mongodbsg",
            "module.security_group.aws_security_group.rds",
            "module.vpc_for_Jiffy.aws_subnet.private_subnet"
          ]
        }
      ]
    },
    {
      "module": "module.alb_module",
      "mode": "managed",
      "type": "aws_route53_record",
      "name": "app_dns",
      "provider": "provider[\"registry.terraform.io/hashicorp/aws\"].root",
      "instances": [
        {
          "schema_version": 2,
          "attributes": {
            "alias": [],
            "allow_overwrite": true,
            "failover_routing_policy": [],
            "fqdn": "saas-15.jiffy.ai",
            "geolocation_routing_policy": [],
            "health_check_id": "",
            "id": "Z02405791CIE6CG80NA5X_saas-15.jiffy.ai_CNAME",
            "latency_routing_policy": [],
            "multivalue_answer_routing_policy": null,
            "name": "saas-15.jiffy.ai",
            "records": [
              "saas-15-apsoutheast1-alb-800029727.ap-southeast-1.elb.amazonaws.com"
            ],
            "set_identifier": "",
            "ttl": 60,
            "type": "CNAME",
            "weighted_routing_policy": [],
            "zone_id": "Z02405791CIE6CG80NA5X"
          },
          "sensitive_attributes": [],
          "private": "eyJzY2hlbWFfdmVyc2lvbiI6IjIifQ==",
          "dependencies": [
            "data.aws_route53_zone.selected",
            "module.alb_module.aws_lb.public",
            "module.security_group.aws_security_group.botsg",
            "module.security_group.aws_security_group.core",
            "module.security_group.aws_security_group.efssg",
            "module.security_group.aws_security_group.lb",
            "module.security_group.aws_security_group.mlsg",
            "module.security_group.aws_security_group.mongodbsg",
            "module.security_group.aws_security_group.rds",
            "module.vpc_for_Jiffy.aws_subnet.public_subnet",
            "module.vpc_for_Jiffy.aws_vpc.custom_vpc",
            "module.vpc_for_Jiffy.data.aws_availability_zones.available"
          ]
        }
      ]
    },
    {
      "module": "module.alb_module",
      "mode": "managed",
      "type": "aws_route53_record",
      "name": "example_validation",
      "provider": "provider[\"registry.terraform.io/hashicorp/aws\"].root",
      "instances": [
        {
          "index_key": "*.saas-15.jiffy.ai",
          "schema_version": 2,
          "attributes": {
            "alias": [],
            "allow_overwrite": true,
            "failover_routing_policy": [],
            "fqdn": "_fbdbd6c147cf11220f7d9730f77f183e.saas-15.jiffy.ai",
            "geolocation_routing_policy": [],
            "health_check_id": "",
            "id": "Z02405791CIE6CG80NA5X__fbdbd6c147cf11220f7d9730f77f183e.saas-15.jiffy.ai._CNAME",
            "latency_routing_policy": [],
            "multivalue_answer_routing_policy": null,
            "name": "_fbdbd6c147cf11220f7d9730f77f183e.saas-15.jiffy.ai",
            "records": [
              "_8947026b1e041d6ec3f1601d16aea6c9.cvfdyspdbk.acm-validations.aws."
            ],
            "set_identifier": "",
            "ttl": 60,
            "type": "CNAME",
            "weighted_routing_policy": [],
            "zone_id": "Z02405791CIE6CG80NA5X"
          },
          "sensitive_attributes": [],
          "private": "eyJzY2hlbWFfdmVyc2lvbiI6IjIifQ==",
          "dependencies": [
            "data.aws_route53_zone.selected",
            "module.alb_module.aws_acm_certificate.cert"
          ]
        },
        {
          "index_key": "saas-15.jiffy.ai",
          "schema_version": 2,
          "attributes": {
            "alias": [],
            "allow_overwrite": true,
            "failover_routing_policy": [],
            "fqdn": "_fbdbd6c147cf11220f7d9730f77f183e.saas-15.jiffy.ai",
            "geolocation_routing_policy": [],
            "health_check_id": "",
            "id": "Z02405791CIE6CG80NA5X__fbdbd6c147cf11220f7d9730f77f183e.saas-15.jiffy.ai._CNAME",
            "latency_routing_policy": [],
            "multivalue_answer_routing_policy": null,
            "name": "_fbdbd6c147cf11220f7d9730f77f183e.saas-15.jiffy.ai",
            "records": [
              "_8947026b1e041d6ec3f1601d16aea6c9.cvfdyspdbk.acm-validations.aws."
            ],
            "set_identifier": "",
            "ttl": 60,
            "type": "CNAME",
            "weighted_routing_policy": [],
            "zone_id": "Z02405791CIE6CG80NA5X"
          },
          "sensitive_attributes": [],
          "private": "eyJzY2hlbWFfdmVyc2lvbiI6IjIifQ==",
          "dependencies": [
            "data.aws_route53_zone.selected",
            "module.alb_module.aws_acm_certificate.cert"
          ]
        }
      ]
    },
    {
      "module": "module.alb_module",
      "mode": "managed",
      "type": "aws_route53_record",
      "name": "wildcard_apps_dns",
      "provider": "provider[\"registry.terraform.io/hashicorp/aws\"].root",
      "instances": [
        {
          "schema_version": 2,
          "attributes": {
            "alias": [],
            "allow_overwrite": true,
            "failover_routing_policy": [],
            "fqdn": "*.saas-15.jiffy.ai",
            "geolocation_routing_policy": [],
            "health_check_id": "",
            "id": "Z02405791CIE6CG80NA5X_*.saas-15.jiffy.ai_CNAME",
            "latency_routing_policy": [],
            "multivalue_answer_routing_policy": null,
            "name": "*.saas-15.jiffy.ai",
            "records": [
              "saas-15-apsoutheast1-alb-800029727.ap-southeast-1.elb.amazonaws.com"
            ],
            "set_identifier": "",
            "ttl": 60,
            "type": "CNAME",
            "weighted_routing_policy": [],
            "zone_id": "Z02405791CIE6CG80NA5X"
          },
          "sensitive_attributes": [],
          "private": "eyJzY2hlbWFfdmVyc2lvbiI6IjIifQ==",
          "dependencies": [
            "data.aws_route53_zone.selected",
            "module.alb_module.aws_lb.public",
            "module.security_group.aws_security_group.botsg",
            "module.security_group.aws_security_group.core",
            "module.security_group.aws_security_group.efssg",
            "module.security_group.aws_security_group.lb",
            "module.security_group.aws_security_group.mlsg",
            "module.security_group.aws_security_group.mongodbsg",
            "module.security_group.aws_security_group.rds",
            "module.vpc_for_Jiffy.aws_subnet.public_subnet",
            "module.vpc_for_Jiffy.aws_vpc.custom_vpc",
            "module.vpc_for_Jiffy.data.aws_availability_zones.available"
          ]
        }
      ]
    },
    {
      "module": "module.core-instance",
      "mode": "data",
      "type": "aws_ami",
      "name": "Core",
      "provider": "provider[\"registry.terraform.io/hashicorp/aws\"]",
      "instances": [
        {
          "schema_version": 0,
          "attributes": {
            "architecture": "x86_64",
            "arn": "arn:aws:ec2:ap-southeast-1::image/ami-0ac10b3a7d1d0cc51",
            "block_device_mappings": [
              {
                "device_name": "/dev/sda1",
                "ebs": {
                  "delete_on_termination": "false",
                  "encrypted": "true",
                  "iops": "0",
                  "snapshot_id": "snap-0330aed3da7eb8824",
                  "throughput": "0",
                  "volume_size": "100",
                  "volume_type": "gp2"
                },
                "no_device": "",
                "virtual_name": ""
              }
            ],
            "creation_date": "2021-08-09T19:09:11.000Z",
            "description": "This image is created by the AWS Backup service.",
            "ena_support": true,
            "executable_users": null,
            "filter": [
              {
                "name": "architecture",
                "values": [
                  "x86_64"
                ]
              },
              {
                "name": "name",
                "values": [
                  "AwsBackup_i-09c14136ec8f9a7b9*"
                ]
              },
              {
                "name": "root-device-type",
                "values": [
                  "ebs"
                ]
              },
              {
                "name": "state",
                "values": [
                  "available"
                ]
              }
            ],
            "hypervisor": "xen",
            "id": "ami-0ac10b3a7d1d0cc51",
            "image_id": "ami-0ac10b3a7d1d0cc51",
            "image_location": "339876445741/AwsBackup_i-09c14136ec8f9a7b9_91B2D3D8-894C-7734-CECD-88C012431E7D_CopyFrom_ap-south-1",
            "image_owner_alias": null,
            "image_type": "machine",
            "kernel_id": null,
            "most_recent": true,
            "name": "AwsBackup_i-09c14136ec8f9a7b9_91B2D3D8-894C-7734-CECD-88C012431E7D_CopyFrom_ap-south-1",
            "name_regex": null,
            "owner_id": "339876445741",
            "owners": [
              "self"
            ],
            "platform": null,
            "platform_details": "Linux/UNIX",
            "product_codes": [
              {
                "product_code_id": "aw0evgkw8e5c1q413zgy5pjce",
                "product_code_type": "marketplace"
              }
            ],
            "public": false,
            "ramdisk_id": null,
            "root_device_name": "/dev/sda1",
            "root_device_type": "ebs",
            "root_snapshot_id": "snap-0330aed3da7eb8824",
            "sriov_net_support": "simple",
            "state": "available",
            "state_reason": {
              "code": "UNSET",
              "message": "UNSET"
            },
            "tags": {
              "Name": "DR-test-core"
            },
            "usage_operation": "RunInstances",
            "virtualization_type": "hvm"
          },
          "sensitive_attributes": []
        }
      ]
    },
    {
      "module": "module.core-instance",
      "mode": "data",
      "type": "aws_availability_zones",
      "name": "available",
      "provider": "provider[\"registry.terraform.io/hashicorp/aws\"]",
      "instances": [
        {
          "schema_version": 0,
          "attributes": {
            "all_availability_zones": null,
            "exclude_names": null,
            "exclude_zone_ids": null,
            "filter": null,
            "group_names": [
              "ap-southeast-1"
            ],
            "id": "ap-southeast-1",
            "names": [
              "ap-southeast-1a",
              "ap-southeast-1b",
              "ap-southeast-1c"
            ],
            "state": "available",
            "zone_ids": [
              "apse1-az2",
              "apse1-az1",
              "apse1-az3"
            ]
          },
          "sensitive_attributes": []
        }
      ]
    },
    {
      "module": "module.core-instance",
      "mode": "data",
      "type": "template_file",
      "name": "init",
      "provider": "provider[\"registry.terraform.io/hashicorp/template\"]",
      "instances": [
        {
          "schema_version": 0,
          "attributes": {
            "filename": null,
            "id": "bd7117ce5d756ffd4b30cae710c966b5372944a605c16fb4f13421d51c085df1",
            "rendered": "#! /bin/bash\r\nhostnamectl set-hostname saas-15-core\r\nsudo systemctl start rabbitmq-server\r\nsudo systemctl enable rabbitmq-server",
            "template": "#! /bin/bash\r\nhostnamectl set-hostname saas-15-core\r\nsudo systemctl start rabbitmq-server\r\nsudo systemctl enable rabbitmq-server",
            "vars": null
          },
          "sensitive_attributes": []
        }
      ]
    },
    {
      "module": "module.core-instance",
      "mode": "managed",
      "type": "aws_instance",
      "name": "ec2_core",
      "provider": "provider[\"registry.terraform.io/hashicorp/aws\"]",
      "instances": [
        {
          "schema_version": 1,
          "attributes": {
            "ami": "ami-0ac10b3a7d1d0cc51",
            "arn": "arn:aws:ec2:ap-southeast-1:339876445741:instance/i-0554385b25a99c0b1",
            "associate_public_ip_address": false,
            "availability_zone": "ap-southeast-1a",
            "capacity_reservation_specification": [
              {
                "capacity_reservation_preference": "open",
                "capacity_reservation_target": []
              }
            ],
            "cpu_core_count": 4,
            "cpu_threads_per_core": 2,
            "credit_specification": [
              {
                "cpu_credits": "unlimited"
              }
            ],
            "disable_api_termination": false,
            "ebs_block_device": [],
            "ebs_optimized": false,
            "enclave_options": [
              {
                "enabled": false
              }
            ],
            "ephemeral_block_device": [],
            "get_password_data": false,
            "hibernation": false,
            "host_id": null,
            "iam_instance_profile": "Ec2RoleForSSMAndCloudWatch",
            "id": "i-0554385b25a99c0b1",
            "instance_initiated_shutdown_behavior": "stop",
            "instance_state": "running",
            "instance_type": "t3a.2xlarge",
            "ipv6_address_count": 0,
            "ipv6_addresses": [],
            "key_name": "jiffycore_saas_15",
            "launch_template": [],
            "metadata_options": [
              {
                "http_endpoint": "enabled",
                "http_put_response_hop_limit": 1,
                "http_tokens": "optional"
              }
            ],
            "monitoring": false,
            "network_interface": [],
            "outpost_arn": "",
            "password_data": "",
            "placement_group": "",
            "primary_network_interface_id": "eni-0f29101e8de617e07",
            "private_dns": "ip-10-15-1-28.ap-southeast-1.compute.internal",
            "private_ip": "10.15.1.28",
            "public_dns": "",
            "public_ip": "",
            "root_block_device": [
              {
                "delete_on_termination": false,
                "device_name": "/dev/sda1",
                "encrypted": true,
                "iops": 300,
                "kms_key_id": "arn:aws:kms:ap-southeast-1:339876445741:key/a565815f-51d7-4545-85ee-1ab4563c1b08",
                "tags": {},
                "throughput": 0,
                "volume_id": "vol-06e06b5807fcef6b5",
                "volume_size": 100,
                "volume_type": "gp2"
              }
            ],
            "secondary_private_ips": [],
            "security_groups": [],
            "source_dest_check": true,
            "subnet_id": "subnet-03edab75e14e97111",
            "tags": {
              "Contact": "Sekhar",
              "Department": "production",
              "Name": "Jiffy-automate-saas-15-ec2-apsoutheast1a-core",
              "Product": "Jiffy-automate",
              "environment": "saas-15"
            },
            "tags_all": {
              "Contact": "Sekhar",
              "Department": "production",
              "Name": "Jiffy-automate-saas-15-ec2-apsoutheast1a-core",
              "Product": "Jiffy-automate",
              "environment": "saas-15"
            },
            "tenancy": "default",
            "timeouts": null,
            "user_data": "8e42943d6cf594bdbd74b9445b26f079878b59b5",
            "user_data_base64": null,
            "volume_tags": null,
            "vpc_security_group_ids": [
              "sg-0e77e308aa370945e"
            ]
          },
          "sensitive_attributes": [],
          "private": "eyJlMmJmYjczMC1lY2FhLTExZTYtOGY4OC0zNDM2M2JjN2M0YzAiOnsiY3JlYXRlIjo2MDAwMDAwMDAwMDAsImRlbGV0ZSI6MTIwMDAwMDAwMDAwMCwidXBkYXRlIjo2MDAwMDAwMDAwMDB9LCJzY2hlbWFfdmVyc2lvbiI6IjEifQ==",
          "dependencies": [
            "aws_route53_record.efs_dns",
            "module.core-instance.data.aws_ami.Core",
            "module.core-instance.data.aws_availability_zones.available",
            "module.core-instance.data.template_file.init",
            "module.security_group.aws_security_group.botsg",
            "module.security_group.aws_security_group.core",
            "module.security_group.aws_security_group.efssg",
            "module.security_group.aws_security_group.lb",
            "module.security_group.aws_security_group.mlsg",
            "module.security_group.aws_security_group.mongodbsg",
            "module.security_group.aws_security_group.rds",
            "module.vpc_for_Jiffy.aws_subnet.private_subnet"
          ]
        }
      ]
    },
    {
      "module": "module.efs_module",
      "mode": "data",
      "type": "aws_iam_policy_document",
      "name": "assume_backup",
      "provider": "provider[\"registry.terraform.io/hashicorp/aws\"]",
      "instances": [
        {
          "schema_version": 0,
          "attributes": {
            "id": "624367811",
            "json": "{\n  \"Version\": \"2012-10-17\",\n  \"Statement\": [\n    {\n      \"Sid\": \"\",\n      \"Effect\": \"Allow\",\n      \"Action\": \"sts:AssumeRole\",\n      \"Principal\": {\n        \"Service\": \"backup.amazonaws.com\"\n      }\n    }\n  ]\n}",
            "override_json": null,
            "override_policy_documents": null,
            "policy_id": null,
            "source_json": null,
            "source_policy_documents": null,
            "statement": [
              {
                "actions": [
                  "sts:AssumeRole"
                ],
                "condition": [],
                "effect": "Allow",
                "not_actions": [],
                "not_principals": [],
                "not_resources": [],
                "principals": [
                  {
                    "identifiers": [
                      "backup.amazonaws.com"
                    ],
                    "type": "Service"
                  }
                ],
                "resources": [],
                "sid": ""
              }
            ],
            "version": "2012-10-17"
          },
          "sensitive_attributes": []
        }
      ]
    },
    {
      "module": "module.efs_module",
      "mode": "data",
      "type": "aws_iam_policy_document",
      "name": "backup",
      "provider": "provider[\"registry.terraform.io/hashicorp/aws\"]",
      "instances": [
        {
          "schema_version": 0,
          "attributes": {
            "id": "3919766629",
            "json": "{\n  \"Version\": \"2012-10-17\",\n  \"Statement\": [\n    {\n      \"Sid\": \"\",\n      \"Effect\": \"Allow\",\n      \"Action\": [\n        \"elasticfilesystem:Restore\",\n        \"elasticfilesystem:DescribeFilesystems\",\n        \"elasticfilesystem:DeleteFilesystem\",\n        \"elasticfilesystem:CreateFilesystem\",\n        \"elasticfilesystem:Backup\"\n      ],\n      \"Resource\": \"arn:aws:elasticfilesystem:ap-southeast-1:339876445741:file-system/fs-69b80a29\"\n    },\n    {\n      \"Sid\": \"\",\n      \"Effect\": \"Allow\",\n      \"Action\": \"tag:GetResources\",\n      \"Resource\": \"*\"\n    },\n    {\n      \"Sid\": \"\",\n      \"Effect\": \"Allow\",\n      \"Action\": [\n        \"backup:DescribeBackupVault\",\n        \"backup:CopyIntoBackupVault\"\n      ],\n      \"Resource\": \"arn:aws:backup:ap-southeast-1:339876445741:backup-vault:Jiffy-automate-saas-15-EFS-vault\"\n    }\n  ]\n}",
            "override_json": null,
            "override_policy_documents": null,
            "policy_id": null,
            "source_json": null,
            "source_policy_documents": null,
            "statement": [
              {
                "actions": [
                  "elasticfilesystem:Backup",
                  "elasticfilesystem:CreateFilesystem",
                  "elasticfilesystem:DeleteFilesystem",
                  "elasticfilesystem:DescribeFilesystems",
                  "elasticfilesystem:Restore"
                ],
                "condition": [],
                "effect": "Allow",
                "not_actions": [],
                "not_principals": [],
                "not_resources": [],
                "principals": [],
                "resources": [
                  "arn:aws:elasticfilesystem:ap-southeast-1:339876445741:file-system/fs-69b80a29"
                ],
                "sid": ""
              },
              {
                "actions": [
                  "tag:GetResources"
                ],
                "condition": [],
                "effect": "Allow",
                "not_actions": [],
                "not_principals": [],
                "not_resources": [],
                "principals": [],
                "resources": [
                  "*"
                ],
                "sid": ""
              },
              {
                "actions": [
                  "backup:CopyIntoBackupVault",
                  "backup:DescribeBackupVault"
                ],
                "condition": [],
                "effect": "Allow",
                "not_actions": [],
                "not_principals": [],
                "not_resources": [],
                "principals": [],
                "resources": [
                  "arn:aws:backup:ap-southeast-1:339876445741:backup-vault:Jiffy-automate-saas-15-EFS-vault"
                ],
                "sid": ""
              }
            ],
            "version": "2012-10-17"
          },
          "sensitive_attributes": []
        }
      ]
    },
    {
      "module": "module.efs_module",
      "mode": "managed",
      "type": "aws_backup_plan",
      "name": "backup",
      "provider": "provider[\"registry.terraform.io/hashicorp/aws\"]",
      "instances": [
        {
          "index_key": 0,
          "schema_version": 0,
          "attributes": {
            "advanced_backup_setting": [],
            "arn": "arn:aws:backup:ap-southeast-1:339876445741:backup-plan:d7eb834b-b884-408e-be42-802ae3d1a08b",
            "id": "d7eb834b-b884-408e-be42-802ae3d1a08b",
            "name": "Jiffy-automate-saas-15-EFS-backup-plan",
            "rule": [
              {
                "completion_window": 180,
                "copy_action": [],
                "enable_continuous_backup": false,
                "lifecycle": [
                  {
                    "cold_storage_after": 0,
                    "delete_after": 5
                  }
                ],
                "recovery_point_tags": {},
                "rule_name": "Jiffy-automate-saas-15-EFS-cron-rule",
                "schedule": "cron(0 3 ? * 2-7 *)",
                "start_window": 60,
                "target_vault_name": "Jiffy-automate-saas-15-EFS-vault"
              }
            ],
            "tags": {
              "Contact": "Sekhar",
              "Department": "production",
              "Name": "Jiffy-automate-saas-15-EFS-Backup-plan",
              "Product": "Jiffy-automate",
              "environment": "saas-15"
            },
            "tags_all": {
              "Contact": "Sekhar",
              "Department": "production",
              "Name": "Jiffy-automate-saas-15-EFS-Backup-plan",
              "Product": "Jiffy-automate",
              "environment": "saas-15"
            },
            "version": "MmE0ZmViYzEtNGUyZi00NTY5LWJlNGItZWU0NzMwZWZlNjdj"
          },
          "sensitive_attributes": [],
          "private": "bnVsbA==",
          "dependencies": [
            "module.efs_module.aws_backup_vault.backup",
            "module.efs_module.aws_efs_file_system.this",
            "module.efs_module.aws_kms_key.backup"
          ]
        }
      ]
    },
    {
      "module": "module.efs_module",
      "mode": "managed",
      "type": "aws_backup_selection",
      "name": "backup",
      "provider": "provider[\"registry.terraform.io/hashicorp/aws\"]",
      "instances": [
        {
          "index_key": 0,
          "schema_version": 0,
          "attributes": {
            "iam_role_arn": "arn:aws:iam::339876445741:role/Jiffy-automate-saas-15-EFS-IAM-b20210809102108226100000001",
            "id": "42ae07fa-4287-4d43-a822-4bbe37e8988b",
            "name": "Jiffy-automate-saas-15-EFS-backup-selection",
            "plan_id": "d7eb834b-b884-408e-be42-802ae3d1a08b",
            "resources": [
              "arn:aws:elasticfilesystem:ap-southeast-1:339876445741:file-system/fs-69b80a29"
            ],
            "selection_tag": []
          },
          "sensitive_attributes": [],
          "private": "bnVsbA==",
          "dependencies": [
            "module.efs_module.aws_backup_plan.backup",
            "module.efs_module.aws_backup_vault.backup",
            "module.efs_module.aws_efs_file_system.this",
            "module.efs_module.aws_iam_role.backup",
            "module.efs_module.aws_kms_key.backup",
            "module.efs_module.data.aws_iam_policy_document.assume_backup"
          ]
        }
      ]
    },
    {
      "module": "module.efs_module",
      "mode": "managed",
      "type": "aws_backup_vault",
      "name": "backup",
      "provider": "provider[\"registry.terraform.io/hashicorp/aws\"]",
      "instances": [
        {
          "index_key": 0,
          "schema_version": 0,
          "attributes": {
            "arn": "arn:aws:backup:ap-southeast-1:339876445741:backup-vault:Jiffy-automate-saas-15-EFS-vault",
            "id": "Jiffy-automate-saas-15-EFS-vault",
            "kms_key_arn": "arn:aws:kms:ap-southeast-1:339876445741:key/11766541-d4fb-46f5-8658-43f5c9293b21",
            "name": "Jiffy-automate-saas-15-EFS-vault",
            "recovery_points": 0,
            "tags": {
              "Contact": "Sekhar",
              "Department": "production",
              "Name": "Jiffy-automate-saas-15-Backup-vault",
              "Product": "Jiffy-automate",
              "environment": "saas-15"
            },
            "tags_all": {
              "Contact": "Sekhar",
              "Department": "production",
              "Name": "Jiffy-automate-saas-15-Backup-vault",
              "Product": "Jiffy-automate",
              "environment": "saas-15"
            }
          },
          "sensitive_attributes": [],
          "private": "bnVsbA==",
          "dependencies": [
            "module.efs_module.aws_efs_file_system.this",
            "module.efs_module.aws_kms_key.backup"
          ]
        }
      ]
    },
    {
      "module": "module.efs_module",
      "mode": "managed",
      "type": "aws_efs_file_system",
      "name": "this",
      "provider": "provider[\"registry.terraform.io/hashicorp/aws\"]",
      "instances": [
        {
          "index_key": 0,
          "schema_version": 0,
          "attributes": {
            "arn": "arn:aws:elasticfilesystem:ap-southeast-1:339876445741:file-system/fs-69b80a29",
            "availability_zone_id": "",
            "availability_zone_name": "",
            "creation_token": "terraform-20210809102108226100000002",
            "dns_name": "fs-69b80a29.efs.ap-southeast-1.amazonaws.com",
            "encrypted": true,
            "id": "fs-69b80a29",
            "kms_key_id": "arn:aws:kms:ap-southeast-1:339876445741:key/52b5830f-5990-44f7-bcc1-262ba103a99e",
            "lifecycle_policy": [],
            "number_of_mount_targets": 2,
            "owner_id": "339876445741",
            "performance_mode": "generalPurpose",
            "provisioned_throughput_in_mibps": 0,
            "size_in_bytes": [
              {
                "value": 90270849024,
                "value_in_ia": 0,
                "value_in_standard": 90270849024
              }
            ],
            "tags": {
              "Contact": "Sekhar",
              "Department": "production",
              "Name": "Jiffy-automate-saas-15-EFS-apsoutheast1",
              "Product": "Jiffy-automate",
              "environment": "saas-15"
            },
            "tags_all": {
              "Contact": "Sekhar",
              "Department": "production",
              "Name": "Jiffy-automate-saas-15-EFS-apsoutheast1",
              "Product": "Jiffy-automate",
              "environment": "saas-15"
            },
            "throughput_mode": "bursting"
          },
          "sensitive_attributes": [],
          "private": "bnVsbA=="
        }
      ]
    },
    {
      "module": "module.efs_module",
      "mode": "managed",
      "type": "aws_efs_mount_target",
      "name": "this",
      "provider": "provider[\"registry.terraform.io/hashicorp/aws\"]",
      "instances": [
        {
          "index_key": 0,
          "schema_version": 0,
          "attributes": {
            "availability_zone_id": "apse1-az2",
            "availability_zone_name": "ap-southeast-1a",
            "dns_name": "fs-69b80a29.efs.ap-southeast-1.amazonaws.com",
            "file_system_arn": "arn:aws:elasticfilesystem:ap-southeast-1:339876445741:file-system/fs-69b80a29",
            "file_system_id": "fs-69b80a29",
            "id": "fsmt-3bf7847a",
            "ip_address": "10.15.1.7",
            "mount_target_dns_name": "ap-southeast-1a.fs-69b80a29.efs.ap-southeast-1.amazonaws.com",
            "network_interface_id": "eni-0d025364eb0b079ab",
            "owner_id": "339876445741",
            "security_groups": [
              "sg-0895ddf54d6732f04"
            ],
            "subnet_id": "subnet-03edab75e14e97111"
          },
          "sensitive_attributes": [],
          "private": "bnVsbA==",
          "dependencies": [
            "module.efs_module.aws_efs_file_system.this",
            "module.security_group.aws_security_group.botsg",
            "module.security_group.aws_security_group.core",
            "module.security_group.aws_security_group.efssg",
            "module.security_group.aws_security_group.lb",
            "module.security_group.aws_security_group.mlsg",
            "module.security_group.aws_security_group.mongodbsg",
            "module.security_group.aws_security_group.rds",
            "module.vpc_for_Jiffy.aws_subnet.private_subnet",
            "module.vpc_for_Jiffy.aws_vpc.custom_vpc",
            "module.vpc_for_Jiffy.data.aws_availability_zones.available"
          ]
        },
        {
          "index_key": 1,
          "schema_version": 0,
          "attributes": {
            "availability_zone_id": "apse1-az1",
            "availability_zone_name": "ap-southeast-1b",
            "dns_name": "fs-69b80a29.efs.ap-southeast-1.amazonaws.com",
            "file_system_arn": "arn:aws:elasticfilesystem:ap-southeast-1:339876445741:file-system/fs-69b80a29",
            "file_system_id": "fs-69b80a29",
            "id": "fsmt-39f78478",
            "ip_address": "10.15.2.143",
            "mount_target_dns_name": "ap-southeast-1b.fs-69b80a29.efs.ap-southeast-1.amazonaws.com",
            "network_interface_id": "eni-0a312a20291dd8db7",
            "owner_id": "339876445741",
            "security_groups": [
              "sg-0895ddf54d6732f04"
            ],
            "subnet_id": "subnet-098e283c2c70f1345"
          },
          "sensitive_attributes": [],
          "private": "bnVsbA==",
          "dependencies": [
            "module.efs_module.aws_efs_file_system.this",
            "module.security_group.aws_security_group.botsg",
            "module.security_group.aws_security_group.core",
            "module.security_group.aws_security_group.efssg",
            "module.security_group.aws_security_group.lb",
            "module.security_group.aws_security_group.mlsg",
            "module.security_group.aws_security_group.mongodbsg",
            "module.security_group.aws_security_group.rds",
            "module.vpc_for_Jiffy.aws_subnet.private_subnet",
            "module.vpc_for_Jiffy.aws_vpc.custom_vpc",
            "module.vpc_for_Jiffy.data.aws_availability_zones.available"
          ]
        }
      ]
    },
    {
      "module": "module.efs_module",
      "mode": "managed",
      "type": "aws_iam_role",
      "name": "backup",
      "provider": "provider[\"registry.terraform.io/hashicorp/aws\"]",
      "instances": [
        {
          "index_key": 0,
          "schema_version": 0,
          "attributes": {
            "arn": "arn:aws:iam::339876445741:role/Jiffy-automate-saas-15-EFS-IAM-b20210809102108226100000001",
            "assume_role_policy": "{\"Version\":\"2012-10-17\",\"Statement\":[{\"Sid\":\"\",\"Effect\":\"Allow\",\"Principal\":{\"Service\":\"backup.amazonaws.com\"},\"Action\":\"sts:AssumeRole\"}]}",
            "create_date": "2021-08-09T10:21:09Z",
            "description": "",
            "force_detach_policies": false,
            "id": "Jiffy-automate-saas-15-EFS-IAM-b20210809102108226100000001",
            "inline_policy": [
              {
                "name": "Jiffy-automate-saas-15-EFS-backup_role_policy20210809102137375000000003",
                "policy": "{\n  \"Version\": \"2012-10-17\",\n  \"Statement\": [\n    {\n      \"Sid\": \"\",\n      \"Effect\": \"Allow\",\n      \"Action\": [\n        \"elasticfilesystem:Restore\",\n        \"elasticfilesystem:DescribeFilesystems\",\n        \"elasticfilesystem:DeleteFilesystem\",\n        \"elasticfilesystem:CreateFilesystem\",\n        \"elasticfilesystem:Backup\"\n      ],\n      \"Resource\": \"arn:aws:elasticfilesystem:ap-southeast-1:339876445741:file-system/fs-69b80a29\"\n    },\n    {\n      \"Sid\": \"\",\n      \"Effect\": \"Allow\",\n      \"Action\": \"tag:GetResources\",\n      \"Resource\": \"*\"\n    },\n    {\n      \"Sid\": \"\",\n      \"Effect\": \"Allow\",\n      \"Action\": [\n        \"backup:DescribeBackupVault\",\n        \"backup:CopyIntoBackupVault\"\n      ],\n      \"Resource\": \"arn:aws:backup:ap-southeast-1:339876445741:backup-vault:Jiffy-automate-saas-15-EFS-vault\"\n    }\n  ]\n}"
              }
            ],
            "managed_policy_arns": [],
            "max_session_duration": 3600,
            "name": "Jiffy-automate-saas-15-EFS-IAM-b20210809102108226100000001",
            "name_prefix": "Jiffy-automate-saas-15-EFS-IAM-b",
            "path": "/",
            "permissions_boundary": null,
            "tags": {
              "Contact": "Sekhar",
              "Department": "production",
              "Name": "Jiffy-automate-saas-15-IAM-backup-role",
              "Product": "Jiffy-automate",
              "environment": "saas-15"
            },
            "tags_all": {
              "Contact": "Sekhar",
              "Department": "production",
              "Name": "Jiffy-automate-saas-15-IAM-backup-role",
              "Product": "Jiffy-automate",
              "environment": "saas-15"
            },
            "unique_id": "AROAU6IRW7YWRX5YMLDHW"
          },
          "sensitive_attributes": [],
          "private": "bnVsbA==",
          "dependencies": [
            "module.efs_module.data.aws_iam_policy_document.assume_backup"
          ],
          "create_before_destroy": true
        }
      ]
    },
    {
      "module": "module.efs_module",
      "mode": "managed",
      "type": "aws_iam_role_policy",
      "name": "backup",
      "provider": "provider[\"registry.terraform.io/hashicorp/aws\"]",
      "instances": [
        {
          "index_key": 0,
          "schema_version": 0,
          "attributes": {
            "id": "Jiffy-automate-saas-15-EFS-IAM-b20210809102108226100000001:Jiffy-automate-saas-15-EFS-backup_role_policy20210809102137375000000003",
            "name": "Jiffy-automate-saas-15-EFS-backup_role_policy20210809102137375000000003",
            "name_prefix": "Jiffy-automate-saas-15-EFS-backup_role_policy",
            "policy": "{\n  \"Version\": \"2012-10-17\",\n  \"Statement\": [\n    {\n      \"Sid\": \"\",\n      \"Effect\": \"Allow\",\n      \"Action\": [\n        \"elasticfilesystem:Restore\",\n        \"elasticfilesystem:DescribeFilesystems\",\n        \"elasticfilesystem:DeleteFilesystem\",\n        \"elasticfilesystem:CreateFilesystem\",\n        \"elasticfilesystem:Backup\"\n      ],\n      \"Resource\": \"arn:aws:elasticfilesystem:ap-southeast-1:339876445741:file-system/fs-69b80a29\"\n    },\n    {\n      \"Sid\": \"\",\n      \"Effect\": \"Allow\",\n      \"Action\": \"tag:GetResources\",\n      \"Resource\": \"*\"\n    },\n    {\n      \"Sid\": \"\",\n      \"Effect\": \"Allow\",\n      \"Action\": [\n        \"backup:DescribeBackupVault\",\n        \"backup:CopyIntoBackupVault\"\n      ],\n      \"Resource\": \"arn:aws:backup:ap-southeast-1:339876445741:backup-vault:Jiffy-automate-saas-15-EFS-vault\"\n    }\n  ]\n}",
            "role": "Jiffy-automate-saas-15-EFS-IAM-b20210809102108226100000001"
          },
          "sensitive_attributes": [],
          "private": "bnVsbA==",
          "dependencies": [
            "module.efs_module.aws_backup_vault.backup",
            "module.efs_module.aws_efs_file_system.this",
            "module.efs_module.aws_iam_role.backup",
            "module.efs_module.aws_kms_key.backup",
            "module.efs_module.data.aws_iam_policy_document.assume_backup",
            "module.efs_module.data.aws_iam_policy_document.backup"
          ]
        }
      ]
    },
    {
      "module": "module.efs_module",
      "mode": "managed",
      "type": "aws_kms_key",
      "name": "backup",
      "provider": "provider[\"registry.terraform.io/hashicorp/aws\"]",
      "instances": [
        {
          "index_key": 0,
          "schema_version": 0,
          "attributes": {
            "arn": "arn:aws:kms:ap-southeast-1:339876445741:key/11766541-d4fb-46f5-8658-43f5c9293b21",
            "bypass_policy_lockout_safety_check": false,
            "customer_master_key_spec": "SYMMETRIC_DEFAULT",
            "deletion_window_in_days": null,
            "description": "KMS Key for EFS Backups (fs-69b80a29)",
            "enable_key_rotation": true,
            "id": "11766541-d4fb-46f5-8658-43f5c9293b21",
            "is_enabled": true,
            "key_id": "11766541-d4fb-46f5-8658-43f5c9293b21",
            "key_usage": "ENCRYPT_DECRYPT",
            "policy": "{\"Id\":\"key-default-1\",\"Statement\":[{\"Action\":\"kms:*\",\"Effect\":\"Allow\",\"Principal\":{\"AWS\":\"arn:aws:iam::339876445741:root\"},\"Resource\":\"*\",\"Sid\":\"Enable IAM User Permissions\"}],\"Version\":\"2012-10-17\"}",
            "tags": {
              "Contact": "Sekhar",
              "Department": "production",
              "Name": "Jiffy-automate-saas-15-KMS-Key",
              "Product": "Jiffy-automate",
              "environment": "saas-15"
            },
            "tags_all": {
              "Contact": "Sekhar",
              "Department": "production",
              "Name": "Jiffy-automate-saas-15-KMS-Key",
              "Product": "Jiffy-automate",
              "environment": "saas-15"
            }
          },
          "sensitive_attributes": [],
          "private": "bnVsbA==",
          "dependencies": [
            "module.efs_module.aws_efs_file_system.this"
          ]
        }
      ]
    },
    {
      "module": "module.ml-instance",
      "mode": "data",
      "type": "aws_ami",
      "name": "ml",
      "provider": "provider[\"registry.terraform.io/hashicorp/aws\"]",
      "instances": [
        {
          "schema_version": 0,
          "attributes": {
            "architecture": "x86_64",
            "arn": "arn:aws:ec2:ap-southeast-1::image/ami-0b32242ea76ccddc9",
            "block_device_mappings": [
              {
                "device_name": "/dev/sda1",
                "ebs": {
                  "delete_on_termination": "true",
                  "encrypted": "true",
                  "iops": "0",
                  "snapshot_id": "snap-0522c91dbd3ef0289",
                  "throughput": "0",
                  "volume_size": "50",
                  "volume_type": "gp2"
                },
                "no_device": "",
                "virtual_name": ""
              }
            ],
            "creation_date": "2021-08-09T15:09:56.000Z",
            "description": "This image is created by the AWS Backup service.",
            "ena_support": true,
            "executable_users": null,
            "filter": [
              {
                "name": "architecture",
                "values": [
                  "x86_64"
                ]
              },
              {
                "name": "name",
                "values": [
                  "AwsBackup_i-0f94b1d62119bec4f*"
                ]
              },
              {
                "name": "root-device-type",
                "values": [
                  "ebs"
                ]
              },
              {
                "name": "state",
                "values": [
                  "available"
                ]
              }
            ],
            "hypervisor": "xen",
            "id": "ami-0b32242ea76ccddc9",
            "image_id": "ami-0b32242ea76ccddc9",
            "image_location": "339876445741/AwsBackup_i-0f94b1d62119bec4f_20300AB7-4958-A9C3-C747-D763FAAE6E9A_CopyFrom_ap-south-1",
            "image_owner_alias": null,
            "image_type": "machine",
            "kernel_id": null,
            "most_recent": true,
            "name": "AwsBackup_i-0f94b1d62119bec4f_20300AB7-4958-A9C3-C747-D763FAAE6E9A_CopyFrom_ap-south-1",
            "name_regex": null,
            "owner_id": "339876445741",
            "owners": [
              "self"
            ],
            "platform": null,
            "platform_details": "Linux/UNIX",
            "product_codes": [
              {
                "product_code_id": "aw0evgkw8e5c1q413zgy5pjce",
                "product_code_type": "marketplace"
              }
            ],
            "public": false,
            "ramdisk_id": null,
            "root_device_name": "/dev/sda1",
            "root_device_type": "ebs",
            "root_snapshot_id": "snap-0522c91dbd3ef0289",
            "sriov_net_support": "simple",
            "state": "available",
            "state_reason": {
              "code": "UNSET",
              "message": "UNSET"
            },
            "tags": {
              "Department": "DevOps",
              "Name": "DR-test-ML"
            },
            "usage_operation": "RunInstances",
            "virtualization_type": "hvm"
          },
          "sensitive_attributes": []
        }
      ]
    },
    {
      "module": "module.ml-instance",
      "mode": "data",
      "type": "aws_availability_zones",
      "name": "available",
      "provider": "provider[\"registry.terraform.io/hashicorp/aws\"]",
      "instances": [
        {
          "schema_version": 0,
          "attributes": {
            "all_availability_zones": null,
            "exclude_names": null,
            "exclude_zone_ids": null,
            "filter": null,
            "group_names": [
              "ap-southeast-1"
            ],
            "id": "ap-southeast-1",
            "names": [
              "ap-southeast-1a",
              "ap-southeast-1b",
              "ap-southeast-1c"
            ],
            "state": "available",
            "zone_ids": [
              "apse1-az2",
              "apse1-az1",
              "apse1-az3"
            ]
          },
          "sensitive_attributes": []
        }
      ]
    },
    {
      "module": "module.ml-instance",
      "mode": "managed",
      "type": "aws_instance",
      "name": "ec2_ml",
      "provider": "provider[\"registry.terraform.io/hashicorp/aws\"]",
      "instances": [
        {
          "schema_version": 1,
          "attributes": {
            "ami": "ami-0b32242ea76ccddc9",
            "arn": "arn:aws:ec2:ap-southeast-1:339876445741:instance/i-08b0f6c31d116bc74",
            "associate_public_ip_address": false,
            "availability_zone": "ap-southeast-1a",
            "capacity_reservation_specification": [
              {
                "capacity_reservation_preference": "open",
                "capacity_reservation_target": []
              }
            ],
            "cpu_core_count": 2,
            "cpu_threads_per_core": 2,
            "credit_specification": [
              {
                "cpu_credits": "unlimited"
              }
            ],
            "disable_api_termination": false,
            "ebs_block_device": [],
            "ebs_optimized": false,
            "enclave_options": [
              {
                "enabled": false
              }
            ],
            "ephemeral_block_device": [],
            "get_password_data": false,
            "hibernation": false,
            "host_id": null,
            "iam_instance_profile": "Ec2RoleForSSMAndCloudWatch",
            "id": "i-08b0f6c31d116bc74",
            "instance_initiated_shutdown_behavior": "stop",
            "instance_state": "running",
            "instance_type": "t3a.xlarge",
            "ipv6_address_count": 0,
            "ipv6_addresses": [],
            "key_name": "jiffyml_saas_15",
            "launch_template": [],
            "metadata_options": [
              {
                "http_endpoint": "enabled",
                "http_put_response_hop_limit": 1,
                "http_tokens": "optional"
              }
            ],
            "monitoring": false,
            "network_interface": [],
            "outpost_arn": "",
            "password_data": "",
            "placement_group": "",
            "primary_network_interface_id": "eni-05135f00f2993a5b1",
            "private_dns": "ip-10-15-1-238.ap-southeast-1.compute.internal",
            "private_ip": "10.15.1.238",
            "public_dns": "",
            "public_ip": "",
            "root_block_device": [
              {
                "delete_on_termination": true,
                "device_name": "/dev/sda1",
                "encrypted": true,
                "iops": 150,
                "kms_key_id": "arn:aws:kms:ap-southeast-1:339876445741:key/a565815f-51d7-4545-85ee-1ab4563c1b08",
                "tags": {},
                "throughput": 0,
                "volume_id": "vol-0b0238faa482f2b24",
                "volume_size": 50,
                "volume_type": "gp2"
              }
            ],
            "secondary_private_ips": [],
            "security_groups": [],
            "source_dest_check": true,
            "subnet_id": "subnet-03edab75e14e97111",
            "tags": {
              "Contact": "Sekhar",
              "Department": "production",
              "Name": "Jiffy-automate-saas-15-ec2-apsoutheast1a-ml",
              "Product": "Jiffy-automate",
              "environment": "saas-15"
            },
            "tags_all": {
              "Contact": "Sekhar",
              "Department": "production",
              "Name": "Jiffy-automate-saas-15-ec2-apsoutheast1a-ml",
              "Product": "Jiffy-automate",
              "environment": "saas-15"
            },
            "tenancy": "default",
            "timeouts": null,
            "user_data": null,
            "user_data_base64": null,
            "volume_tags": null,
            "vpc_security_group_ids": [
              "sg-0bcb9a90e2ffd8c4e"
            ]
          },
          "sensitive_attributes": [],
          "private": "eyJlMmJmYjczMC1lY2FhLTExZTYtOGY4OC0zNDM2M2JjN2M0YzAiOnsiY3JlYXRlIjo2MDAwMDAwMDAwMDAsImRlbGV0ZSI6MTIwMDAwMDAwMDAwMCwidXBkYXRlIjo2MDAwMDAwMDAwMDB9LCJzY2hlbWFfdmVyc2lvbiI6IjEifQ==",
          "dependencies": [
            "aws_route53_record.efs_dns",
            "data.aws_route53_zone.selected",
            "module.ml-instance.data.aws_ami.ml",
            "module.ml-instance.data.aws_availability_zones.available",
            "module.security_group.aws_security_group.botsg",
            "module.security_group.aws_security_group.core",
            "module.security_group.aws_security_group.efssg",
            "module.security_group.aws_security_group.lb",
            "module.security_group.aws_security_group.mlsg",
            "module.security_group.aws_security_group.mongodbsg",
            "module.security_group.aws_security_group.rds",
            "module.vpc_for_Jiffy.aws_subnet.private_subnet",
            "module.vpc_for_Jiffy.aws_vpc.custom_vpc",
            "module.vpc_for_Jiffy.data.aws_availability_zones.available"
          ]
        }
      ]
    },
    {
      "module": "module.postgres_rds",
      "mode": "data",
      "type": "aws_db_snapshot",
      "name": "rds_snapshot",
      "provider": "provider[\"registry.terraform.io/hashicorp/aws\"]",
      "instances": [
        {
          "schema_version": 0,
          "attributes": {
            "allocated_storage": 100,
            "availability_zone": "",
            "db_instance_identifier": "dr-test-rds",
            "db_snapshot_arn": "arn:aws:rds:ap-southeast-1:339876445741:snapshot:awsbackup:copyjob-10b30b13-bf01-9ea7-94a6-22ee74e6fb0d",
            "db_snapshot_identifier": "awsbackup:copyjob-10b30b13-bf01-9ea7-94a6-22ee74e6fb0d",
            "encrypted": true,
            "engine": "postgres",
            "engine_version": "12.5",
            "id": "awsbackup:copyjob-10b30b13-bf01-9ea7-94a6-22ee74e6fb0d",
            "include_public": false,
            "include_shared": false,
            "iops": 3000,
            "kms_key_id": "arn:aws:kms:ap-southeast-1:339876445741:key/b1cb82a6-86dc-45b7-b236-d75b417ce185",
            "license_model": "postgresql-license",
            "most_recent": true,
            "option_group_name": "",
            "port": 5432,
            "snapshot_create_time": "2021-08-09T14:12:38Z",
            "snapshot_type": "awsbackup",
            "source_db_snapshot_identifier": "arn:aws:rds:ap-south-1:339876445741:snapshot:awsbackup:job-49afc8f8-c8c8-c18c-d7ba-8508886ab407",
            "source_region": "ap-south-1",
            "status": "available",
            "storage_type": "io1",
            "vpc_id": ""
          },
          "sensitive_attributes": []
        }
      ]
    },
    {
      "module": "module.postgres_rds",
      "mode": "data",
      "type": "aws_iam_policy_document",
      "name": "enhanced_monitoring",
      "provider": "provider[\"registry.terraform.io/hashicorp/aws\"]",
      "instances": [
        {
          "schema_version": 0,
          "attributes": {
            "id": "1813475199",
            "json": "{\n  \"Version\": \"2012-10-17\",\n  \"Statement\": [\n    {\n      \"Sid\": \"\",\n      \"Effect\": \"Allow\",\n      \"Action\": \"sts:AssumeRole\",\n      \"Principal\": {\n        \"Service\": \"monitoring.rds.amazonaws.com\"\n      }\n    }\n  ]\n}",
            "override_json": null,
            "override_policy_documents": null,
            "policy_id": null,
            "source_json": null,
            "source_policy_documents": null,
            "statement": [
              {
                "actions": [
                  "sts:AssumeRole"
                ],
                "condition": [],
                "effect": "Allow",
                "not_actions": [],
                "not_principals": [],
                "not_resources": [],
                "principals": [
                  {
                    "identifiers": [
                      "monitoring.rds.amazonaws.com"
                    ],
                    "type": "Service"
                  }
                ],
                "resources": [],
                "sid": ""
              }
            ],
            "version": "2012-10-17"
          },
          "sensitive_attributes": []
        }
      ]
    },
    {
      "module": "module.postgres_rds",
      "mode": "managed",
      "type": "aws_db_instance",
      "name": "postgresql",
      "provider": "provider[\"registry.terraform.io/hashicorp/aws\"]",
      "instances": [
        {
          "schema_version": 1,
          "attributes": {
            "address": "jiffy-rds-saas-15-test20210809142118314500000002.c0wkkthhy27x.ap-southeast-1.rds.amazonaws.com",
            "allocated_storage": 100,
            "allow_major_version_upgrade": null,
            "apply_immediately": null,
            "arn": "arn:aws:rds:ap-southeast-1:339876445741:db:jiffy-rds-saas-15-test20210809142118314500000002",
            "auto_minor_version_upgrade": true,
            "availability_zone": "ap-southeast-1a",
            "backup_retention_period": 30,
            "backup_window": "04:00-04:30",
            "ca_cert_identifier": "rds-ca-2019",
            "character_set_name": "",
            "copy_tags_to_snapshot": false,
            "customer_owned_ip_enabled": false,
            "db_subnet_group_name": "jiffy-automate-saas-15-apsoutheast1-db-subnetgroup",
            "delete_automated_backups": true,
            "deletion_protection": false,
            "domain": "",
            "domain_iam_role_name": "",
            "enabled_cloudwatch_logs_exports": [
              "postgresql",
              "upgrade"
            ],
            "endpoint": "jiffy-rds-saas-15-test20210809142118314500000002.c0wkkthhy27x.ap-southeast-1.rds.amazonaws.com:5432",
            "engine": "postgres",
            "engine_version": "12.5",
            "final_snapshot_identifier": "terraform-aws-postgresql-rds-snapshot",
            "hosted_zone_id": "Z2G0U3KFCY8NZ5",
            "iam_database_authentication_enabled": false,
            "id": "jiffy-rds-saas-15-test20210809142118314500000002",
            "identifier": "jiffy-rds-saas-15-test20210809142118314500000002",
            "identifier_prefix": "jiffy-rds-saas-15-test",
            "instance_class": "db.m5.large",
            "iops": 3000,
            "kms_key_id": "arn:aws:kms:ap-southeast-1:339876445741:key/b1cb82a6-86dc-45b7-b236-d75b417ce185",
            "latest_restorable_time": "0001-01-01T00:00:00Z",
            "license_model": "postgresql-license",
            "maintenance_window": "sun:04:30-sun:05:30",
            "max_allocated_storage": 0,
            "monitoring_interval": 60,
            "monitoring_role_arn": "arn:aws:iam::339876445741:role/rdssaas-15EnhancedMonitoringRole",
            "multi_az": false,
            "name": "",
            "nchar_character_set_name": "",
            "option_group_name": "default:postgres-12",
            "parameter_group_name": "default.postgres12",
            "password": null,
            "performance_insights_enabled": false,
            "performance_insights_kms_key_id": "",
            "performance_insights_retention_period": 0,
            "port": 5432,
            "publicly_accessible": false,
            "replicas": [],
            "replicate_source_db": "",
            "resource_id": "db-HKRAELYG3A6ZK55AE7ROPZGIQA",
            "restore_to_point_in_time": [],
            "s3_import": [],
            "security_group_names": null,
            "skip_final_snapshot": true,
            "snapshot_identifier": "awsbackup:copyjob-10b30b13-bf01-9ea7-94a6-22ee74e6fb0d",
            "status": "available",
            "storage_encrypted": true,
            "storage_type": "io1",
            "tags": {
              "Contact": "Sekhar",
              "Department": "production",
              "Name": "Jiffy-automate-saas-15-apsoutheast1-RDS",
              "Product": "Jiffy-automate",
              "environment": "saas-15"
            },
            "tags_all": {
              "Contact": "Sekhar",
              "Department": "production",
              "Name": "Jiffy-automate-saas-15-apsoutheast1-RDS",
              "Product": "Jiffy-automate",
              "environment": "saas-15"
            },
            "timeouts": null,
            "timezone": "",
            "username": "postgres",
            "vpc_security_group_ids": [
              "sg-09edcc22afcad22fc"
            ]
          },
          "sensitive_attributes": [],
          "private": "eyJlMmJmYjczMC1lY2FhLTExZTYtOGY4OC0zNDM2M2JjN2M0YzAiOnsiY3JlYXRlIjoyNDAwMDAwMDAwMDAwLCJkZWxldGUiOjM2MDAwMDAwMDAwMDAsInVwZGF0ZSI6NDgwMDAwMDAwMDAwMH0sInNjaGVtYV92ZXJzaW9uIjoiMSJ9",
          "dependencies": [
            "module.postgres_rds.aws_db_subnet_group.default",
            "module.postgres_rds.aws_iam_role.enhanced_monitoring",
            "module.postgres_rds.data.aws_db_snapshot.rds_snapshot",
            "module.security_group.aws_security_group.botsg",
            "module.security_group.aws_security_group.core",
            "module.security_group.aws_security_group.efssg",
            "module.security_group.aws_security_group.lb",
            "module.security_group.aws_security_group.mlsg",
            "module.security_group.aws_security_group.mongodbsg",
            "module.security_group.aws_security_group.rds"
          ]
        }
      ]
    },
    {
      "module": "module.postgres_rds",
      "mode": "managed",
      "type": "aws_db_subnet_group",
      "name": "default",
      "provider": "provider[\"registry.terraform.io/hashicorp/aws\"]",
      "instances": [
        {
          "schema_version": 0,
          "attributes": {
            "arn": "arn:aws:rds:ap-southeast-1:339876445741:subgrp:jiffy-automate-saas-15-apsoutheast1-db-subnetgroup",
            "description": "Managed by Terraform",
            "id": "jiffy-automate-saas-15-apsoutheast1-db-subnetgroup",
            "name": "jiffy-automate-saas-15-apsoutheast1-db-subnetgroup",
            "name_prefix": null,
            "subnet_ids": [
              "subnet-03edab75e14e97111",
              "subnet-098e283c2c70f1345"
            ],
            "tags": {
              "Contact": "Sekhar",
              "Department": "production",
              "Name": "Jiffy-automate-saas-15-apsoutheast1-DB-subnetGroup",
              "Product": "Jiffy-automate",
              "environment": "saas-15"
            },
            "tags_all": {
              "Contact": "Sekhar",
              "Department": "production",
              "Name": "Jiffy-automate-saas-15-apsoutheast1-DB-subnetGroup",
              "Product": "Jiffy-automate",
              "environment": "saas-15"
            }
          },
          "sensitive_attributes": [],
          "private": "bnVsbA==",
          "dependencies": [
            "module.vpc_for_Jiffy.aws_subnet.private_subnet",
            "module.vpc_for_Jiffy.aws_vpc.custom_vpc",
            "module.vpc_for_Jiffy.data.aws_availability_zones.available"
          ]
        }
      ]
    },
    {
      "module": "module.postgres_rds",
      "mode": "managed",
      "type": "aws_iam_role",
      "name": "enhanced_monitoring",
      "provider": "provider[\"registry.terraform.io/hashicorp/aws\"]",
      "instances": [
        {
          "schema_version": 0,
          "attributes": {
            "arn": "arn:aws:iam::339876445741:role/rdssaas-15EnhancedMonitoringRole",
            "assume_role_policy": "{\"Version\":\"2012-10-17\",\"Statement\":[{\"Sid\":\"\",\"Effect\":\"Allow\",\"Principal\":{\"Service\":\"monitoring.rds.amazonaws.com\"},\"Action\":\"sts:AssumeRole\"}]}",
            "create_date": "2021-08-09T12:58:23Z",
            "description": "",
            "force_detach_policies": false,
            "id": "rdssaas-15EnhancedMonitoringRole",
            "inline_policy": [
              {
                "name": "",
                "policy": ""
              }
            ],
            "managed_policy_arns": [
              "arn:aws:iam::aws:policy/service-role/AmazonRDSEnhancedMonitoringRole"
            ],
            "max_session_duration": 3600,
            "name": "rdssaas-15EnhancedMonitoringRole",
            "name_prefix": null,
            "path": "/",
            "permissions_boundary": null,
            "tags": {},
            "tags_all": {},
            "unique_id": "AROAU6IRW7YWWQJ7F4RJN"
          },
          "sensitive_attributes": [],
          "private": "bnVsbA==",
          "dependencies": [
            "module.postgres_rds.data.aws_iam_policy_document.enhanced_monitoring"
          ]
        }
      ]
    },
    {
      "module": "module.postgres_rds",
      "mode": "managed",
      "type": "aws_iam_role_policy_attachment",
      "name": "enhanced_monitoring",
      "provider": "provider[\"registry.terraform.io/hashicorp/aws\"]",
      "instances": [
        {
          "schema_version": 0,
          "attributes": {
            "id": "rdssaas-15EnhancedMonitoringRole-20210809125831233900000003",
            "policy_arn": "arn:aws:iam::aws:policy/service-role/AmazonRDSEnhancedMonitoringRole",
            "role": "rdssaas-15EnhancedMonitoringRole"
          },
          "sensitive_attributes": [],
          "private": "bnVsbA==",
          "dependencies": [
            "module.postgres_rds.aws_iam_role.enhanced_monitoring",
            "module.postgres_rds.data.aws_iam_policy_document.enhanced_monitoring"
          ]
        }
      ]
    },
    {
      "module": "module.security_group",
      "mode": "managed",
      "type": "aws_security_group",
      "name": "botsg",
      "provider": "provider[\"registry.terraform.io/hashicorp/aws\"]",
      "instances": [
        {
          "schema_version": 1,
          "attributes": {
            "arn": "arn:aws:ec2:ap-southeast-1:339876445741:security-group/sg-006c81caae3a5c8fc",
            "description": "BOT-sg",
            "egress": [
              {
                "cidr_blocks": [
                  "0.0.0.0/0"
                ],
                "description": "",
                "from_port": 0,
                "ipv6_cidr_blocks": [],
                "prefix_list_ids": [],
                "protocol": "-1",
                "security_groups": [],
                "self": false,
                "to_port": 0
              }
            ],
            "id": "sg-006c81caae3a5c8fc",
            "ingress": [
              {
                "cidr_blocks": [
                  "0.0.0.0/0"
                ],
                "description": "",
                "from_port": 3389,
                "ipv6_cidr_blocks": [],
                "prefix_list_ids": [],
                "protocol": "tcp",
                "security_groups": [],
                "self": false,
                "to_port": 3389
              }
            ],
            "name": "Jiffy-automate-saas-15-SG-apsoutheast1-BOT",
            "name_prefix": "",
            "owner_id": "339876445741",
            "revoke_rules_on_delete": false,
            "tags": {},
            "tags_all": {},
            "timeouts": null,
            "vpc_id": "vpc-0350853148b01d3c1"
          },
          "sensitive_attributes": [],
          "private": "eyJlMmJmYjczMC1lY2FhLTExZTYtOGY4OC0zNDM2M2JjN2M0YzAiOnsiY3JlYXRlIjo2MDAwMDAwMDAwMDAsImRlbGV0ZSI6OTAwMDAwMDAwMDAwfSwic2NoZW1hX3ZlcnNpb24iOiIxIn0=",
          "dependencies": [
            "module.vpc_for_Jiffy.aws_vpc.custom_vpc"
          ]
        }
      ]
    },
    {
      "module": "module.security_group",
      "mode": "managed",
      "type": "aws_security_group",
      "name": "core",
      "provider": "provider[\"registry.terraform.io/hashicorp/aws\"]",
      "instances": [
        {
          "schema_version": 1,
          "attributes": {
            "arn": "arn:aws:ec2:ap-southeast-1:339876445741:security-group/sg-0e77e308aa370945e",
            "description": "Managed by Terraform",
            "egress": [
              {
                "cidr_blocks": [
                  "0.0.0.0/0"
                ],
                "description": "",
                "from_port": 0,
                "ipv6_cidr_blocks": [],
                "prefix_list_ids": [],
                "protocol": "-1",
                "security_groups": [],
                "self": false,
                "to_port": 0
              }
            ],
            "id": "sg-0e77e308aa370945e",
            "ingress": [
              {
                "cidr_blocks": [
                  "10.15.0.0/16"
                ],
                "description": "",
                "from_port": 22,
                "ipv6_cidr_blocks": [],
                "prefix_list_ids": [],
                "protocol": "tcp",
                "security_groups": [],
                "self": false,
                "to_port": 22
              },
              {
                "cidr_blocks": [
                  "10.15.0.0/16"
                ],
                "description": "",
                "from_port": 443,
                "ipv6_cidr_blocks": [],
                "prefix_list_ids": [],
                "protocol": "tcp",
                "security_groups": [
                  "sg-0d9e0d211118716d2"
                ],
                "self": false,
                "to_port": 443
              }
            ],
            "name": "Jiffy-automate-saas-15-SG-apsoutheast1-Core",
            "name_prefix": "",
            "owner_id": "339876445741",
            "revoke_rules_on_delete": false,
            "tags": {},
            "tags_all": {},
            "timeouts": null,
            "vpc_id": "vpc-0350853148b01d3c1"
          },
          "sensitive_attributes": [],
          "private": "eyJlMmJmYjczMC1lY2FhLTExZTYtOGY4OC0zNDM2M2JjN2M0YzAiOnsiY3JlYXRlIjo2MDAwMDAwMDAwMDAsImRlbGV0ZSI6OTAwMDAwMDAwMDAwfSwic2NoZW1hX3ZlcnNpb24iOiIxIn0=",
          "dependencies": [
            "module.security_group.aws_security_group.lb",
            "module.vpc_for_Jiffy.aws_vpc.custom_vpc"
          ]
        }
      ]
    },
    {
      "module": "module.security_group",
      "mode": "managed",
      "type": "aws_security_group",
      "name": "current",
      "provider": "provider[\"registry.terraform.io/hashicorp/aws\"]",
      "instances": [
        {
          "index_key": 0,
          "schema_version": 1,
          "attributes": {
            "arn": "arn:aws:ec2:ap-southeast-1:339876445741:security-group/sg-0ea8b7352d0bcc5fc",
            "description": "Security Group managed by Terraform",
            "egress": [
              {
                "cidr_blocks": [
                  "0.0.0.0/0"
                ],
                "description": "",
                "from_port": 0,
                "ipv6_cidr_blocks": [],
                "prefix_list_ids": [],
                "protocol": "tcp",
                "security_groups": [],
                "self": false,
                "to_port": 0
              }
            ],
            "id": "sg-0ea8b7352d0bcc5fc",
            "ingress": [
              {
                "cidr_blocks": [
                  "43.254.43.186/32"
                ],
                "description": "",
                "from_port": 22,
                "ipv6_cidr_blocks": [],
                "prefix_list_ids": [],
                "protocol": "tcp",
                "security_groups": [],
                "self": false,
                "to_port": 22
              }
            ],
            "name": "Jiffy-SG",
            "name_prefix": "",
            "owner_id": "339876445741",
            "revoke_rules_on_delete": false,
            "tags": {
              "Contact": "Sekhar",
              "Department": "production",
              "Name": "Jiffy-automate-saas-15-SG-apsoutheast1-custom-1",
              "Product": "Jiffy-automate",
              "environment": "saas-15"
            },
            "tags_all": {
              "Contact": "Sekhar",
              "Department": "production",
              "Name": "Jiffy-automate-saas-15-SG-apsoutheast1-custom-1",
              "Product": "Jiffy-automate",
              "environment": "saas-15"
            },
            "timeouts": null,
            "vpc_id": "vpc-0350853148b01d3c1"
          },
          "sensitive_attributes": [],
          "private": "eyJlMmJmYjczMC1lY2FhLTExZTYtOGY4OC0zNDM2M2JjN2M0YzAiOnsiY3JlYXRlIjo2MDAwMDAwMDAwMDAsImRlbGV0ZSI6OTAwMDAwMDAwMDAwfSwic2NoZW1hX3ZlcnNpb24iOiIxIn0=",
          "dependencies": [
            "module.vpc_for_Jiffy.aws_vpc.custom_vpc"
          ]
        }
      ]
    },
    {
      "module": "module.security_group",
      "mode": "managed",
      "type": "aws_security_group",
      "name": "efssg",
      "provider": "provider[\"registry.terraform.io/hashicorp/aws\"]",
      "instances": [
        {
          "schema_version": 1,
          "attributes": {
            "arn": "arn:aws:ec2:ap-southeast-1:339876445741:security-group/sg-0895ddf54d6732f04",
            "description": "EFS-sg",
            "egress": [
              {
                "cidr_blocks": [
                  "0.0.0.0/0"
                ],
                "description": "",
                "from_port": 0,
                "ipv6_cidr_blocks": [],
                "prefix_list_ids": [],
                "protocol": "-1",
                "security_groups": [],
                "self": false,
                "to_port": 0
              }
            ],
            "id": "sg-0895ddf54d6732f04",
            "ingress": [
              {
                "cidr_blocks": [
                  "10.15.0.0/16"
                ],
                "description": "",
                "from_port": 2049,
                "ipv6_cidr_blocks": [],
                "prefix_list_ids": [],
                "protocol": "tcp",
                "security_groups": [],
                "self": false,
                "to_port": 2049
              },
              {
                "cidr_blocks": [],
                "description": "",
                "from_port": 2049,
                "ipv6_cidr_blocks": [],
                "prefix_list_ids": [],
                "protocol": "tcp",
                "security_groups": [],
                "self": true,
                "to_port": 2049
              }
            ],
            "name": "Jiffy-automate-saas-15-SG-apsoutheast1-EFS",
            "name_prefix": "",
            "owner_id": "339876445741",
            "revoke_rules_on_delete": false,
            "tags": {},
            "tags_all": {},
            "timeouts": null,
            "vpc_id": "vpc-0350853148b01d3c1"
          },
          "sensitive_attributes": [],
          "private": "eyJlMmJmYjczMC1lY2FhLTExZTYtOGY4OC0zNDM2M2JjN2M0YzAiOnsiY3JlYXRlIjo2MDAwMDAwMDAwMDAsImRlbGV0ZSI6OTAwMDAwMDAwMDAwfSwic2NoZW1hX3ZlcnNpb24iOiIxIn0=",
          "dependencies": [
            "module.vpc_for_Jiffy.aws_vpc.custom_vpc"
          ]
        }
      ]
    },
    {
      "module": "module.security_group",
      "mode": "managed",
      "type": "aws_security_group",
      "name": "lb",
      "provider": "provider[\"registry.terraform.io/hashicorp/aws\"]",
      "instances": [
        {
          "schema_version": 1,
          "attributes": {
            "arn": "arn:aws:ec2:ap-southeast-1:339876445741:security-group/sg-0d9e0d211118716d2",
            "description": "Load balancer security group",
            "egress": [
              {
                "cidr_blocks": [
                  "0.0.0.0/0"
                ],
                "description": "",
                "from_port": 0,
                "ipv6_cidr_blocks": [],
                "prefix_list_ids": [],
                "protocol": "-1",
                "security_groups": [],
                "self": false,
                "to_port": 0
              }
            ],
            "id": "sg-0d9e0d211118716d2",
            "ingress": [
              {
                "cidr_blocks": [
                  "0.0.0.0/0"
                ],
                "description": "",
                "from_port": 443,
                "ipv6_cidr_blocks": [],
                "prefix_list_ids": [],
                "protocol": "tcp",
                "security_groups": [],
                "self": false,
                "to_port": 443
              }
            ],
            "name": "Jiffy-automate-saas-15-SG-apsoutheast1-ALB",
            "name_prefix": "",
            "owner_id": "339876445741",
            "revoke_rules_on_delete": false,
            "tags": {},
            "tags_all": {},
            "timeouts": null,
            "vpc_id": "vpc-0350853148b01d3c1"
          },
          "sensitive_attributes": [],
          "private": "eyJlMmJmYjczMC1lY2FhLTExZTYtOGY4OC0zNDM2M2JjN2M0YzAiOnsiY3JlYXRlIjo2MDAwMDAwMDAwMDAsImRlbGV0ZSI6OTAwMDAwMDAwMDAwfSwic2NoZW1hX3ZlcnNpb24iOiIxIn0=",
          "dependencies": [
            "module.vpc_for_Jiffy.aws_vpc.custom_vpc"
          ]
        }
      ]
    },
    {
      "module": "module.security_group",
      "mode": "managed",
      "type": "aws_security_group",
      "name": "mlsg",
      "provider": "provider[\"registry.terraform.io/hashicorp/aws\"]",
      "instances": [
        {
          "schema_version": 1,
          "attributes": {
            "arn": "arn:aws:ec2:ap-southeast-1:339876445741:security-group/sg-0bcb9a90e2ffd8c4e",
            "description": "ML-sg",
            "egress": [
              {
                "cidr_blocks": [
                  "0.0.0.0/0"
                ],
                "description": "",
                "from_port": 0,
                "ipv6_cidr_blocks": [],
                "prefix_list_ids": [],
                "protocol": "-1",
                "security_groups": [],
                "self": false,
                "to_port": 0
              }
            ],
            "id": "sg-0bcb9a90e2ffd8c4e",
            "ingress": [
              {
                "cidr_blocks": [
                  "10.15.0.0/16"
                ],
                "description": "",
                "from_port": 22,
                "ipv6_cidr_blocks": [],
                "prefix_list_ids": [],
                "protocol": "tcp",
                "security_groups": [],
                "self": false,
                "to_port": 22
              },
              {
                "cidr_blocks": [
                  "10.15.0.0/16"
                ],
                "description": "",
                "from_port": 8765,
                "ipv6_cidr_blocks": [],
                "prefix_list_ids": [],
                "protocol": "tcp",
                "security_groups": [],
                "self": false,
                "to_port": 8765
              }
            ],
            "name": "Jiffy-automate-saas-15-SG-apsoutheast1-ML",
            "name_prefix": "",
            "owner_id": "339876445741",
            "revoke_rules_on_delete": false,
            "tags": {},
            "tags_all": {},
            "timeouts": null,
            "vpc_id": "vpc-0350853148b01d3c1"
          },
          "sensitive_attributes": [],
          "private": "eyJlMmJmYjczMC1lY2FhLTExZTYtOGY4OC0zNDM2M2JjN2M0YzAiOnsiY3JlYXRlIjo2MDAwMDAwMDAwMDAsImRlbGV0ZSI6OTAwMDAwMDAwMDAwfSwic2NoZW1hX3ZlcnNpb24iOiIxIn0=",
          "dependencies": [
            "module.vpc_for_Jiffy.aws_vpc.custom_vpc"
          ]
        }
      ]
    },
    {
      "module": "module.security_group",
      "mode": "managed",
      "type": "aws_security_group",
      "name": "mongodbsg",
      "provider": "provider[\"registry.terraform.io/hashicorp/aws\"]",
      "instances": [
        {
          "schema_version": 1,
          "attributes": {
            "arn": "arn:aws:ec2:ap-southeast-1:339876445741:security-group/sg-0e959957627daf5f5",
            "description": "MongoDB-sg",
            "egress": [
              {
                "cidr_blocks": [
                  "0.0.0.0/0"
                ],
                "description": "",
                "from_port": 0,
                "ipv6_cidr_blocks": [],
                "prefix_list_ids": [],
                "protocol": "-1",
                "security_groups": [],
                "self": false,
                "to_port": 0
              }
            ],
            "id": "sg-0e959957627daf5f5",
            "ingress": [
              {
                "cidr_blocks": [
                  "10.15.0.0/16"
                ],
                "description": "",
                "from_port": 22,
                "ipv6_cidr_blocks": [],
                "prefix_list_ids": [],
                "protocol": "tcp",
                "security_groups": [],
                "self": false,
                "to_port": 22
              },
              {
                "cidr_blocks": [],
                "description": "",
                "from_port": 27017,
                "ipv6_cidr_blocks": [],
                "prefix_list_ids": [],
                "protocol": "tcp",
                "security_groups": [
                  "sg-0bcb9a90e2ffd8c4e",
                  "sg-0e77e308aa370945e"
                ],
                "self": false,
                "to_port": 27017
              }
            ],
            "name": "Jiffy-automate-saas-15-SG-apsoutheast1-Mongo",
            "name_prefix": "",
            "owner_id": "339876445741",
            "revoke_rules_on_delete": false,
            "tags": {},
            "tags_all": {},
            "timeouts": null,
            "vpc_id": "vpc-0350853148b01d3c1"
          },
          "sensitive_attributes": [],
          "private": "eyJlMmJmYjczMC1lY2FhLTExZTYtOGY4OC0zNDM2M2JjN2M0YzAiOnsiY3JlYXRlIjo2MDAwMDAwMDAwMDAsImRlbGV0ZSI6OTAwMDAwMDAwMDAwfSwic2NoZW1hX3ZlcnNpb24iOiIxIn0=",
          "dependencies": [
            "module.security_group.aws_security_group.core",
            "module.security_group.aws_security_group.lb",
            "module.security_group.aws_security_group.mlsg",
            "module.vpc_for_Jiffy.aws_vpc.custom_vpc"
          ]
        }
      ]
    },
    {
      "module": "module.security_group",
      "mode": "managed",
      "type": "aws_security_group",
      "name": "rds",
      "provider": "provider[\"registry.terraform.io/hashicorp/aws\"]",
      "instances": [
        {
          "schema_version": 1,
          "attributes": {
            "arn": "arn:aws:ec2:ap-southeast-1:339876445741:security-group/sg-09edcc22afcad22fc",
            "description": "RDSSG",
            "egress": [
              {
                "cidr_blocks": [
                  "0.0.0.0/0"
                ],
                "description": "",
                "from_port": 0,
                "ipv6_cidr_blocks": [],
                "prefix_list_ids": [],
                "protocol": "-1",
                "security_groups": [],
                "self": false,
                "to_port": 0
              }
            ],
            "id": "sg-09edcc22afcad22fc",
            "ingress": [
              {
                "cidr_blocks": [],
                "description": "",
                "from_port": 5432,
                "ipv6_cidr_blocks": [],
                "prefix_list_ids": [],
                "protocol": "tcp",
                "security_groups": [
                  "sg-0bcb9a90e2ffd8c4e",
                  "sg-0e77e308aa370945e"
                ],
                "self": false,
                "to_port": 5432
              }
            ],
            "name": "Jiffy-automate-saas-15-SG-apsoutheast1-RDS",
            "name_prefix": "",
            "owner_id": "339876445741",
            "revoke_rules_on_delete": false,
            "tags": {},
            "tags_all": {},
            "timeouts": null,
            "vpc_id": "vpc-0350853148b01d3c1"
          },
          "sensitive_attributes": [],
          "private": "eyJlMmJmYjczMC1lY2FhLTExZTYtOGY4OC0zNDM2M2JjN2M0YzAiOnsiY3JlYXRlIjo2MDAwMDAwMDAwMDAsImRlbGV0ZSI6OTAwMDAwMDAwMDAwfSwic2NoZW1hX3ZlcnNpb24iOiIxIn0=",
          "dependencies": [
            "module.security_group.aws_security_group.core",
            "module.security_group.aws_security_group.lb",
            "module.security_group.aws_security_group.mlsg",
            "module.vpc_for_Jiffy.aws_vpc.custom_vpc"
          ]
        }
      ]
    },
    {
      "module": "module.vpc_for_Jiffy",
      "mode": "data",
      "type": "aws_availability_zones",
      "name": "available",
      "provider": "provider[\"registry.terraform.io/hashicorp/aws\"]",
      "instances": [
        {
          "schema_version": 0,
          "attributes": {
            "all_availability_zones": null,
            "exclude_names": null,
            "exclude_zone_ids": null,
            "filter": null,
            "group_names": [
              "ap-southeast-1"
            ],
            "id": "ap-southeast-1",
            "names": [
              "ap-southeast-1a",
              "ap-southeast-1b",
              "ap-southeast-1c"
            ],
            "state": "available",
            "zone_ids": [
              "apse1-az2",
              "apse1-az1",
              "apse1-az3"
            ]
          },
          "sensitive_attributes": []
        }
      ]
    },
    {
      "module": "module.vpc_for_Jiffy",
      "mode": "managed",
      "type": "aws_eip",
      "name": "Nat-Gateway-EIP",
      "provider": "provider[\"registry.terraform.io/hashicorp/aws\"]",
      "instances": [
        {
          "index_key": 0,
          "schema_version": 0,
          "attributes": {
            "address": null,
            "allocation_id": null,
            "associate_with_private_ip": null,
            "association_id": "eipassoc-0b2b0af2a3c542c76",
            "carrier_ip": "",
            "customer_owned_ip": "",
            "customer_owned_ipv4_pool": "",
            "domain": "vpc",
            "id": "eipalloc-09bfb06de2e9e06b8",
            "instance": "",
            "network_border_group": "ap-southeast-1",
            "network_interface": "eni-084b2083490a5088c",
            "private_dns": "ip-10-15-3-15.ap-southeast-1.compute.internal",
            "private_ip": "10.15.3.15",
            "public_dns": "ec2-54-179-28-254.ap-southeast-1.compute.amazonaws.com",
            "public_ip": "54.179.28.254",
            "public_ipv4_pool": "amazon",
            "tags": {
              "Contact": "Sekhar",
              "Department": "production",
              "Name": "Jiffy-automate-saas-15-EIP-apsoutheast1-1",
              "Product": "Jiffy-automate",
              "environment": "saas-15"
            },
            "tags_all": {
              "Contact": "Sekhar",
              "Department": "production",
              "Name": "Jiffy-automate-saas-15-EIP-apsoutheast1-1",
              "Product": "Jiffy-automate",
              "environment": "saas-15"
            },
            "timeouts": null,
            "vpc": true
          },
          "sensitive_attributes": [],
          "private": "eyJlMmJmYjczMC1lY2FhLTExZTYtOGY4OC0zNDM2M2JjN2M0YzAiOnsiZGVsZXRlIjoxODAwMDAwMDAwMDAsInJlYWQiOjkwMDAwMDAwMDAwMCwidXBkYXRlIjozMDAwMDAwMDAwMDB9fQ==",
          "dependencies": [
            "module.vpc_for_Jiffy.aws_internet_gateway.Internet_Gateway",
            "module.vpc_for_Jiffy.aws_route_table.Public-Subnet-RT",
            "module.vpc_for_Jiffy.aws_route_table_association.RT-IG-Association",
            "module.vpc_for_Jiffy.aws_subnet.private_subnet",
            "module.vpc_for_Jiffy.aws_subnet.public_subnet",
            "module.vpc_for_Jiffy.aws_vpc.custom_vpc",
            "module.vpc_for_Jiffy.data.aws_availability_zones.available"
          ]
        },
        {
          "index_key": 1,
          "schema_version": 0,
          "attributes": {
            "address": null,
            "allocation_id": null,
            "associate_with_private_ip": null,
            "association_id": "eipassoc-0a05e90b9d4ba0386",
            "carrier_ip": "",
            "customer_owned_ip": "",
            "customer_owned_ipv4_pool": "",
            "domain": "vpc",
            "id": "eipalloc-0ef8d4af88655ddb7",
            "instance": "",
            "network_border_group": "ap-southeast-1",
            "network_interface": "eni-069dd2b85a43ee731",
            "private_dns": "ip-10-15-4-254.ap-southeast-1.compute.internal",
            "private_ip": "10.15.4.254",
            "public_dns": "ec2-13-250-253-123.ap-southeast-1.compute.amazonaws.com",
            "public_ip": "13.250.253.123",
            "public_ipv4_pool": "amazon",
            "tags": {
              "Contact": "Sekhar",
              "Department": "production",
              "Name": "Jiffy-automate-saas-15-EIP-apsoutheast1-2",
              "Product": "Jiffy-automate",
              "environment": "saas-15"
            },
            "tags_all": {
              "Contact": "Sekhar",
              "Department": "production",
              "Name": "Jiffy-automate-saas-15-EIP-apsoutheast1-2",
              "Product": "Jiffy-automate",
              "environment": "saas-15"
            },
            "timeouts": null,
            "vpc": true
          },
          "sensitive_attributes": [],
          "private": "eyJlMmJmYjczMC1lY2FhLTExZTYtOGY4OC0zNDM2M2JjN2M0YzAiOnsiZGVsZXRlIjoxODAwMDAwMDAwMDAsInJlYWQiOjkwMDAwMDAwMDAwMCwidXBkYXRlIjozMDAwMDAwMDAwMDB9fQ==",
          "dependencies": [
            "module.vpc_for_Jiffy.aws_internet_gateway.Internet_Gateway",
            "module.vpc_for_Jiffy.aws_route_table.Public-Subnet-RT",
            "module.vpc_for_Jiffy.aws_route_table_association.RT-IG-Association",
            "module.vpc_for_Jiffy.aws_subnet.private_subnet",
            "module.vpc_for_Jiffy.aws_subnet.public_subnet",
            "module.vpc_for_Jiffy.aws_vpc.custom_vpc",
            "module.vpc_for_Jiffy.data.aws_availability_zones.available"
          ]
        }
      ]
    },
    {
      "module": "module.vpc_for_Jiffy",
      "mode": "managed",
      "type": "aws_internet_gateway",
      "name": "Internet_Gateway",
      "provider": "provider[\"registry.terraform.io/hashicorp/aws\"]",
      "instances": [
        {
          "schema_version": 0,
          "attributes": {
            "arn": "arn:aws:ec2:ap-southeast-1:339876445741:internet-gateway/igw-0cfd401ef1eea05c1",
            "id": "igw-0cfd401ef1eea05c1",
            "owner_id": "339876445741",
            "tags": {
              "Contact": "Sekhar",
              "Department": "production",
              "Name": "Jiffy-automate-saas-15-apsoutheast1-IGW",
              "Product": "Jiffy-automate",
              "environment": "saas-15"
            },
            "tags_all": {
              "Contact": "Sekhar",
              "Department": "production",
              "Name": "Jiffy-automate-saas-15-apsoutheast1-IGW",
              "Product": "Jiffy-automate",
              "environment": "saas-15"
            },
            "vpc_id": "vpc-0350853148b01d3c1"
          },
          "sensitive_attributes": [],
          "private": "bnVsbA==",
          "dependencies": [
            "module.vpc_for_Jiffy.aws_subnet.private_subnet",
            "module.vpc_for_Jiffy.aws_subnet.public_subnet",
            "module.vpc_for_Jiffy.aws_vpc.custom_vpc",
            "module.vpc_for_Jiffy.data.aws_availability_zones.available"
          ]
        }
      ]
    },
    {
      "module": "module.vpc_for_Jiffy",
      "mode": "managed",
      "type": "aws_nat_gateway",
      "name": "NAT_GATEWAY",
      "provider": "provider[\"registry.terraform.io/hashicorp/aws\"]",
      "instances": [
        {
          "index_key": 0,
          "schema_version": 0,
          "attributes": {
            "allocation_id": "eipalloc-09bfb06de2e9e06b8",
            "connectivity_type": "public",
            "id": "nat-0b845c8c8502b7222",
            "network_interface_id": "eni-084b2083490a5088c",
            "private_ip": "10.15.3.15",
            "public_ip": "54.179.28.254",
            "subnet_id": "subnet-02383d91283267b9c",
            "tags": {
              "Contact": "Sekhar",
              "Department": "production",
              "Name": "Jiffy-automate-saas-15-NAT-GW-apsoutheast1a-1",
              "Product": "Jiffy-automate",
              "environment": "saas-15"
            },
            "tags_all": {
              "Contact": "Sekhar",
              "Department": "production",
              "Name": "Jiffy-automate-saas-15-NAT-GW-apsoutheast1a-1",
              "Product": "Jiffy-automate",
              "environment": "saas-15"
            }
          },
          "sensitive_attributes": [],
          "private": "bnVsbA==",
          "dependencies": [
            "module.vpc_for_Jiffy.aws_eip.Nat-Gateway-EIP",
            "module.vpc_for_Jiffy.aws_internet_gateway.Internet_Gateway",
            "module.vpc_for_Jiffy.aws_route_table.Public-Subnet-RT",
            "module.vpc_for_Jiffy.aws_route_table_association.RT-IG-Association",
            "module.vpc_for_Jiffy.aws_subnet.private_subnet",
            "module.vpc_for_Jiffy.aws_subnet.public_subnet",
            "module.vpc_for_Jiffy.aws_vpc.custom_vpc",
            "module.vpc_for_Jiffy.data.aws_availability_zones.available"
          ]
        },
        {
          "index_key": 1,
          "schema_version": 0,
          "attributes": {
            "allocation_id": "eipalloc-0ef8d4af88655ddb7",
            "connectivity_type": "public",
            "id": "nat-0386ee92aa35e076f",
            "network_interface_id": "eni-069dd2b85a43ee731",
            "private_ip": "10.15.4.254",
            "public_ip": "13.250.253.123",
            "subnet_id": "subnet-0e7a95002ab708158",
            "tags": {
              "Contact": "Sekhar",
              "Department": "production",
              "Name": "Jiffy-automate-saas-15-NAT-GW-apsoutheast1b-2",
              "Product": "Jiffy-automate",
              "environment": "saas-15"
            },
            "tags_all": {
              "Contact": "Sekhar",
              "Department": "production",
              "Name": "Jiffy-automate-saas-15-NAT-GW-apsoutheast1b-2",
              "Product": "Jiffy-automate",
              "environment": "saas-15"
            }
          },
          "sensitive_attributes": [],
          "private": "bnVsbA==",
          "dependencies": [
            "module.vpc_for_Jiffy.aws_eip.Nat-Gateway-EIP",
            "module.vpc_for_Jiffy.aws_internet_gateway.Internet_Gateway",
            "module.vpc_for_Jiffy.aws_route_table.Public-Subnet-RT",
            "module.vpc_for_Jiffy.aws_route_table_association.RT-IG-Association",
            "module.vpc_for_Jiffy.aws_subnet.private_subnet",
            "module.vpc_for_Jiffy.aws_subnet.public_subnet",
            "module.vpc_for_Jiffy.aws_vpc.custom_vpc",
            "module.vpc_for_Jiffy.data.aws_availability_zones.available"
          ]
        }
      ]
    },
    {
      "module": "module.vpc_for_Jiffy",
      "mode": "managed",
      "type": "aws_route_table",
      "name": "NAT-Gateway-RT",
      "provider": "provider[\"registry.terraform.io/hashicorp/aws\"]",
      "instances": [
        {
          "index_key": 0,
          "schema_version": 0,
          "attributes": {
            "arn": "arn:aws:ec2:ap-southeast-1:339876445741:route-table/rtb-09ab78e7fb0bbe131",
            "id": "rtb-09ab78e7fb0bbe131",
            "owner_id": "339876445741",
            "propagating_vgws": [],
            "route": [
              {
                "carrier_gateway_id": "",
                "cidr_block": "0.0.0.0/0",
                "destination_prefix_list_id": "",
                "egress_only_gateway_id": "",
                "gateway_id": "",
                "instance_id": "",
                "ipv6_cidr_block": "",
                "local_gateway_id": "",
                "nat_gateway_id": "nat-0b845c8c8502b7222",
                "network_interface_id": "",
                "transit_gateway_id": "",
                "vpc_endpoint_id": "",
                "vpc_peering_connection_id": ""
              }
            ],
            "tags": {
              "Contact": "Sekhar",
              "Department": "production",
              "Name": "Jiffy-automate-saas-15-NAT-GW-RT-apsoutheast1a-1",
              "Product": "Jiffy-automate",
              "environment": "saas-15"
            },
            "tags_all": {
              "Contact": "Sekhar",
              "Department": "production",
              "Name": "Jiffy-automate-saas-15-NAT-GW-RT-apsoutheast1a-1",
              "Product": "Jiffy-automate",
              "environment": "saas-15"
            },
            "vpc_id": "vpc-0350853148b01d3c1"
          },
          "sensitive_attributes": [],
          "private": "bnVsbA==",
          "dependencies": [
            "module.vpc_for_Jiffy.aws_eip.Nat-Gateway-EIP",
            "module.vpc_for_Jiffy.aws_internet_gateway.Internet_Gateway",
            "module.vpc_for_Jiffy.aws_nat_gateway.NAT_GATEWAY",
            "module.vpc_for_Jiffy.aws_route_table.Public-Subnet-RT",
            "module.vpc_for_Jiffy.aws_route_table_association.RT-IG-Association",
            "module.vpc_for_Jiffy.aws_subnet.private_subnet",
            "module.vpc_for_Jiffy.aws_subnet.public_subnet",
            "module.vpc_for_Jiffy.aws_vpc.custom_vpc",
            "module.vpc_for_Jiffy.data.aws_availability_zones.available"
          ]
        },
        {
          "index_key": 1,
          "schema_version": 0,
          "attributes": {
            "arn": "arn:aws:ec2:ap-southeast-1:339876445741:route-table/rtb-09800b941975fa68b",
            "id": "rtb-09800b941975fa68b",
            "owner_id": "339876445741",
            "propagating_vgws": [],
            "route": [
              {
                "carrier_gateway_id": "",
                "cidr_block": "0.0.0.0/0",
                "destination_prefix_list_id": "",
                "egress_only_gateway_id": "",
                "gateway_id": "",
                "instance_id": "",
                "ipv6_cidr_block": "",
                "local_gateway_id": "",
                "nat_gateway_id": "nat-0386ee92aa35e076f",
                "network_interface_id": "",
                "transit_gateway_id": "",
                "vpc_endpoint_id": "",
                "vpc_peering_connection_id": ""
              }
            ],
            "tags": {
              "Contact": "Sekhar",
              "Department": "production",
              "Name": "Jiffy-automate-saas-15-NAT-GW-RT-apsoutheast1b-2",
              "Product": "Jiffy-automate",
              "environment": "saas-15"
            },
            "tags_all": {
              "Contact": "Sekhar",
              "Department": "production",
              "Name": "Jiffy-automate-saas-15-NAT-GW-RT-apsoutheast1b-2",
              "Product": "Jiffy-automate",
              "environment": "saas-15"
            },
            "vpc_id": "vpc-0350853148b01d3c1"
          },
          "sensitive_attributes": [],
          "private": "bnVsbA==",
          "dependencies": [
            "module.vpc_for_Jiffy.aws_eip.Nat-Gateway-EIP",
            "module.vpc_for_Jiffy.aws_internet_gateway.Internet_Gateway",
            "module.vpc_for_Jiffy.aws_nat_gateway.NAT_GATEWAY",
            "module.vpc_for_Jiffy.aws_route_table.Public-Subnet-RT",
            "module.vpc_for_Jiffy.aws_route_table_association.RT-IG-Association",
            "module.vpc_for_Jiffy.aws_subnet.private_subnet",
            "module.vpc_for_Jiffy.aws_subnet.public_subnet",
            "module.vpc_for_Jiffy.aws_vpc.custom_vpc",
            "module.vpc_for_Jiffy.data.aws_availability_zones.available"
          ]
        }
      ]
    },
    {
      "module": "module.vpc_for_Jiffy",
      "mode": "managed",
      "type": "aws_route_table",
      "name": "Public-Subnet-RT",
      "provider": "provider[\"registry.terraform.io/hashicorp/aws\"]",
      "instances": [
        {
          "schema_version": 0,
          "attributes": {
            "arn": "arn:aws:ec2:ap-southeast-1:339876445741:route-table/rtb-0fba8b2c9b29714a1",
            "id": "rtb-0fba8b2c9b29714a1",
            "owner_id": "339876445741",
            "propagating_vgws": [],
            "route": [
              {
                "carrier_gateway_id": "",
                "cidr_block": "0.0.0.0/0",
                "destination_prefix_list_id": "",
                "egress_only_gateway_id": "",
                "gateway_id": "igw-0cfd401ef1eea05c1",
                "instance_id": "",
                "ipv6_cidr_block": "",
                "local_gateway_id": "",
                "nat_gateway_id": "",
                "network_interface_id": "",
                "transit_gateway_id": "",
                "vpc_endpoint_id": "",
                "vpc_peering_connection_id": ""
              }
            ],
            "tags": {
              "Contact": "Sekhar",
              "Department": "production",
              "Name": "Jiffy-automate-saas-15-apsoutheast1-Public-Subnet-RT",
              "Product": "Jiffy-automate",
              "environment": "saas-15"
            },
            "tags_all": {
              "Contact": "Sekhar",
              "Department": "production",
              "Name": "Jiffy-automate-saas-15-apsoutheast1-Public-Subnet-RT",
              "Product": "Jiffy-automate",
              "environment": "saas-15"
            },
            "vpc_id": "vpc-0350853148b01d3c1"
          },
          "sensitive_attributes": [],
          "private": "bnVsbA==",
          "dependencies": [
            "module.vpc_for_Jiffy.aws_internet_gateway.Internet_Gateway",
            "module.vpc_for_Jiffy.aws_subnet.private_subnet",
            "module.vpc_for_Jiffy.aws_subnet.public_subnet",
            "module.vpc_for_Jiffy.aws_vpc.custom_vpc",
            "module.vpc_for_Jiffy.data.aws_availability_zones.available"
          ]
        }
      ]
    },
    {
      "module": "module.vpc_for_Jiffy",
      "mode": "managed",
      "type": "aws_route_table_association",
      "name": "Nat-Gateway-RT-Association",
      "provider": "provider[\"registry.terraform.io/hashicorp/aws\"]",
      "instances": [
        {
          "index_key": 0,
          "schema_version": 0,
          "attributes": {
            "gateway_id": "",
            "id": "rtbassoc-0552aa3da6d8e022c",
            "route_table_id": "rtb-09ab78e7fb0bbe131",
            "subnet_id": "subnet-03edab75e14e97111"
          },
          "sensitive_attributes": [],
          "private": "bnVsbA==",
          "dependencies": [
            "module.vpc_for_Jiffy.aws_eip.Nat-Gateway-EIP",
            "module.vpc_for_Jiffy.aws_internet_gateway.Internet_Gateway",
            "module.vpc_for_Jiffy.aws_nat_gateway.NAT_GATEWAY",
            "module.vpc_for_Jiffy.aws_route_table.NAT-Gateway-RT",
            "module.vpc_for_Jiffy.aws_route_table.Public-Subnet-RT",
            "module.vpc_for_Jiffy.aws_route_table_association.RT-IG-Association",
            "module.vpc_for_Jiffy.aws_subnet.private_subnet",
            "module.vpc_for_Jiffy.aws_subnet.public_subnet",
            "module.vpc_for_Jiffy.aws_vpc.custom_vpc",
            "module.vpc_for_Jiffy.data.aws_availability_zones.available"
          ]
        },
        {
          "index_key": 1,
          "schema_version": 0,
          "attributes": {
            "gateway_id": "",
            "id": "rtbassoc-0d398abec064f56d2",
            "route_table_id": "rtb-09800b941975fa68b",
            "subnet_id": "subnet-098e283c2c70f1345"
          },
          "sensitive_attributes": [],
          "private": "bnVsbA==",
          "dependencies": [
            "module.vpc_for_Jiffy.aws_eip.Nat-Gateway-EIP",
            "module.vpc_for_Jiffy.aws_internet_gateway.Internet_Gateway",
            "module.vpc_for_Jiffy.aws_nat_gateway.NAT_GATEWAY",
            "module.vpc_for_Jiffy.aws_route_table.NAT-Gateway-RT",
            "module.vpc_for_Jiffy.aws_route_table.Public-Subnet-RT",
            "module.vpc_for_Jiffy.aws_route_table_association.RT-IG-Association",
            "module.vpc_for_Jiffy.aws_subnet.private_subnet",
            "module.vpc_for_Jiffy.aws_subnet.public_subnet",
            "module.vpc_for_Jiffy.aws_vpc.custom_vpc",
            "module.vpc_for_Jiffy.data.aws_availability_zones.available"
          ]
        }
      ]
    },
    {
      "module": "module.vpc_for_Jiffy",
      "mode": "managed",
      "type": "aws_route_table_association",
      "name": "RT-IG-Association",
      "provider": "provider[\"registry.terraform.io/hashicorp/aws\"]",
      "instances": [
        {
          "index_key": 0,
          "schema_version": 0,
          "attributes": {
            "gateway_id": "",
            "id": "rtbassoc-0dc61fd857361e1ed",
            "route_table_id": "rtb-0fba8b2c9b29714a1",
            "subnet_id": "subnet-02383d91283267b9c"
          },
          "sensitive_attributes": [],
          "private": "bnVsbA==",
          "dependencies": [
            "module.vpc_for_Jiffy.aws_internet_gateway.Internet_Gateway",
            "module.vpc_for_Jiffy.aws_route_table.Public-Subnet-RT",
            "module.vpc_for_Jiffy.aws_subnet.private_subnet",
            "module.vpc_for_Jiffy.aws_subnet.public_subnet",
            "module.vpc_for_Jiffy.aws_vpc.custom_vpc",
            "module.vpc_for_Jiffy.data.aws_availability_zones.available"
          ]
        },
        {
          "index_key": 1,
          "schema_version": 0,
          "attributes": {
            "gateway_id": "",
            "id": "rtbassoc-0131fb05d0a240b1d",
            "route_table_id": "rtb-0fba8b2c9b29714a1",
            "subnet_id": "subnet-0e7a95002ab708158"
          },
          "sensitive_attributes": [],
          "private": "bnVsbA==",
          "dependencies": [
            "module.vpc_for_Jiffy.aws_internet_gateway.Internet_Gateway",
            "module.vpc_for_Jiffy.aws_route_table.Public-Subnet-RT",
            "module.vpc_for_Jiffy.aws_subnet.private_subnet",
            "module.vpc_for_Jiffy.aws_subnet.public_subnet",
            "module.vpc_for_Jiffy.aws_vpc.custom_vpc",
            "module.vpc_for_Jiffy.data.aws_availability_zones.available"
          ]
        }
      ]
    },
    {
      "module": "module.vpc_for_Jiffy",
      "mode": "managed",
      "type": "aws_subnet",
      "name": "private_subnet",
      "provider": "provider[\"registry.terraform.io/hashicorp/aws\"]",
      "instances": [
        {
          "index_key": 0,
          "schema_version": 1,
          "attributes": {
            "arn": "arn:aws:ec2:ap-southeast-1:339876445741:subnet/subnet-03edab75e14e97111",
            "assign_ipv6_address_on_creation": false,
            "availability_zone": "ap-southeast-1a",
            "availability_zone_id": "apse1-az2",
            "cidr_block": "10.15.1.0/24",
            "customer_owned_ipv4_pool": "",
            "id": "subnet-03edab75e14e97111",
            "ipv6_cidr_block": "",
            "ipv6_cidr_block_association_id": "",
            "map_customer_owned_ip_on_launch": false,
            "map_public_ip_on_launch": false,
            "outpost_arn": "",
            "owner_id": "339876445741",
            "tags": {
              "Contact": "Sekhar",
              "Department": "production",
              "Name": "Jiffy-automate-saas-15-subnet-apsoutheast1a-private-1",
              "Product": "Jiffy-automate",
              "environment": "saas-15"
            },
            "tags_all": {
              "Contact": "Sekhar",
              "Department": "production",
              "Name": "Jiffy-automate-saas-15-subnet-apsoutheast1a-private-1",
              "Product": "Jiffy-automate",
              "environment": "saas-15"
            },
            "timeouts": null,
            "vpc_id": "vpc-0350853148b01d3c1"
          },
          "sensitive_attributes": [],
          "private": "eyJlMmJmYjczMC1lY2FhLTExZTYtOGY4OC0zNDM2M2JjN2M0YzAiOnsiY3JlYXRlIjo2MDAwMDAwMDAwMDAsImRlbGV0ZSI6MTIwMDAwMDAwMDAwMH0sInNjaGVtYV92ZXJzaW9uIjoiMSJ9",
          "dependencies": [
            "module.vpc_for_Jiffy.aws_vpc.custom_vpc",
            "module.vpc_for_Jiffy.data.aws_availability_zones.available"
          ]
        },
        {
          "index_key": 1,
          "schema_version": 1,
          "attributes": {
            "arn": "arn:aws:ec2:ap-southeast-1:339876445741:subnet/subnet-098e283c2c70f1345",
            "assign_ipv6_address_on_creation": false,
            "availability_zone": "ap-southeast-1b",
            "availability_zone_id": "apse1-az1",
            "cidr_block": "10.15.2.0/24",
            "customer_owned_ipv4_pool": "",
            "id": "subnet-098e283c2c70f1345",
            "ipv6_cidr_block": "",
            "ipv6_cidr_block_association_id": "",
            "map_customer_owned_ip_on_launch": false,
            "map_public_ip_on_launch": false,
            "outpost_arn": "",
            "owner_id": "339876445741",
            "tags": {
              "Contact": "Sekhar",
              "Department": "production",
              "Name": "Jiffy-automate-saas-15-subnet-apsoutheast1b-private-2",
              "Product": "Jiffy-automate",
              "environment": "saas-15"
            },
            "tags_all": {
              "Contact": "Sekhar",
              "Department": "production",
              "Name": "Jiffy-automate-saas-15-subnet-apsoutheast1b-private-2",
              "Product": "Jiffy-automate",
              "environment": "saas-15"
            },
            "timeouts": null,
            "vpc_id": "vpc-0350853148b01d3c1"
          },
          "sensitive_attributes": [],
          "private": "eyJlMmJmYjczMC1lY2FhLTExZTYtOGY4OC0zNDM2M2JjN2M0YzAiOnsiY3JlYXRlIjo2MDAwMDAwMDAwMDAsImRlbGV0ZSI6MTIwMDAwMDAwMDAwMH0sInNjaGVtYV92ZXJzaW9uIjoiMSJ9",
          "dependencies": [
            "module.vpc_for_Jiffy.aws_vpc.custom_vpc",
            "module.vpc_for_Jiffy.data.aws_availability_zones.available"
          ]
        }
      ]
    },
    {
      "module": "module.vpc_for_Jiffy",
      "mode": "managed",
      "type": "aws_subnet",
      "name": "public_subnet",
      "provider": "provider[\"registry.terraform.io/hashicorp/aws\"]",
      "instances": [
        {
          "index_key": 0,
          "schema_version": 1,
          "attributes": {
            "arn": "arn:aws:ec2:ap-southeast-1:339876445741:subnet/subnet-02383d91283267b9c",
            "assign_ipv6_address_on_creation": false,
            "availability_zone": "ap-southeast-1a",
            "availability_zone_id": "apse1-az2",
            "cidr_block": "10.15.3.0/24",
            "customer_owned_ipv4_pool": "",
            "id": "subnet-02383d91283267b9c",
            "ipv6_cidr_block": "",
            "ipv6_cidr_block_association_id": "",
            "map_customer_owned_ip_on_launch": false,
            "map_public_ip_on_launch": false,
            "outpost_arn": "",
            "owner_id": "339876445741",
            "tags": {
              "Contact": "Sekhar",
              "Department": "production",
              "Name": "Jiffy-automate-saas-15-subnet-apsoutheast1a-public-1",
              "Product": "Jiffy-automate",
              "environment": "saas-15"
            },
            "tags_all": {
              "Contact": "Sekhar",
              "Department": "production",
              "Name": "Jiffy-automate-saas-15-subnet-apsoutheast1a-public-1",
              "Product": "Jiffy-automate",
              "environment": "saas-15"
            },
            "timeouts": null,
            "vpc_id": "vpc-0350853148b01d3c1"
          },
          "sensitive_attributes": [],
          "private": "eyJlMmJmYjczMC1lY2FhLTExZTYtOGY4OC0zNDM2M2JjN2M0YzAiOnsiY3JlYXRlIjo2MDAwMDAwMDAwMDAsImRlbGV0ZSI6MTIwMDAwMDAwMDAwMH0sInNjaGVtYV92ZXJzaW9uIjoiMSJ9",
          "dependencies": [
            "module.vpc_for_Jiffy.aws_vpc.custom_vpc",
            "module.vpc_for_Jiffy.data.aws_availability_zones.available"
          ]
        },
        {
          "index_key": 1,
          "schema_version": 1,
          "attributes": {
            "arn": "arn:aws:ec2:ap-southeast-1:339876445741:subnet/subnet-0e7a95002ab708158",
            "assign_ipv6_address_on_creation": false,
            "availability_zone": "ap-southeast-1b",
            "availability_zone_id": "apse1-az1",
            "cidr_block": "10.15.4.0/24",
            "customer_owned_ipv4_pool": "",
            "id": "subnet-0e7a95002ab708158",
            "ipv6_cidr_block": "",
            "ipv6_cidr_block_association_id": "",
            "map_customer_owned_ip_on_launch": false,
            "map_public_ip_on_launch": false,
            "outpost_arn": "",
            "owner_id": "339876445741",
            "tags": {
              "Contact": "Sekhar",
              "Department": "production",
              "Name": "Jiffy-automate-saas-15-subnet-apsoutheast1b-public-2",
              "Product": "Jiffy-automate",
              "environment": "saas-15"
            },
            "tags_all": {
              "Contact": "Sekhar",
              "Department": "production",
              "Name": "Jiffy-automate-saas-15-subnet-apsoutheast1b-public-2",
              "Product": "Jiffy-automate",
              "environment": "saas-15"
            },
            "timeouts": null,
            "vpc_id": "vpc-0350853148b01d3c1"
          },
          "sensitive_attributes": [],
          "private": "eyJlMmJmYjczMC1lY2FhLTExZTYtOGY4OC0zNDM2M2JjN2M0YzAiOnsiY3JlYXRlIjo2MDAwMDAwMDAwMDAsImRlbGV0ZSI6MTIwMDAwMDAwMDAwMH0sInNjaGVtYV92ZXJzaW9uIjoiMSJ9",
          "dependencies": [
            "module.vpc_for_Jiffy.aws_vpc.custom_vpc",
            "module.vpc_for_Jiffy.data.aws_availability_zones.available"
          ]
        }
      ]
    },
    {
      "module": "module.vpc_for_Jiffy",
      "mode": "managed",
      "type": "aws_vpc",
      "name": "custom_vpc",
      "provider": "provider[\"registry.terraform.io/hashicorp/aws\"]",
      "instances": [
        {
          "schema_version": 1,
          "attributes": {
            "arn": "arn:aws:ec2:ap-southeast-1:339876445741:vpc/vpc-0350853148b01d3c1",
            "assign_generated_ipv6_cidr_block": false,
            "cidr_block": "10.15.0.0/16",
            "default_network_acl_id": "acl-0b14082890ed5dbb8",
            "default_route_table_id": "rtb-09683adbf5d82f969",
            "default_security_group_id": "sg-080ca755dd28a91cf",
            "dhcp_options_id": "dopt-462e7c23",
            "enable_classiclink": false,
            "enable_classiclink_dns_support": false,
            "enable_dns_hostnames": true,
            "enable_dns_support": true,
            "id": "vpc-0350853148b01d3c1",
            "instance_tenancy": "default",
            "ipv6_association_id": "",
            "ipv6_cidr_block": "",
            "main_route_table_id": "rtb-09683adbf5d82f969",
            "owner_id": "339876445741",
            "tags": {
              "Contact": "Sekhar",
              "Department": "production",
              "Name": "Jiffy-automate-saas-15-apsoutheast1-vpc",
              "Product": "Jiffy-automate",
              "environment": "saas-15"
            },
            "tags_all": {
              "Contact": "Sekhar",
              "Department": "production",
              "Name": "Jiffy-automate-saas-15-apsoutheast1-vpc",
              "Product": "Jiffy-automate",
              "environment": "saas-15"
            }
          },
          "sensitive_attributes": [],
          "private": "eyJzY2hlbWFfdmVyc2lvbiI6IjEifQ=="
        }
      ]
    }
  ]
}
